{
  "version": 4,
  "terraform_version": "1.13.3",
  "serial": 3483,
  "lineage": "98a1cf5f-6513-307d-7443-8f4bfca46c5f",
  "outputs": {},
  "resources": [
    {
      "module": "module.backend-s3-config",
      "mode": "managed",
      "type": "aws_iam_policy",
      "name": "github_s3_upload",
      "provider": "provider[\"registry.terraform.io/hashicorp/aws\"]",
      "instances": [
        {
          "schema_version": 0,
          "attributes": {
            "arn": "arn:aws:iam::710271940761:policy/github-s3-upload-deployments",
            "attachment_count": 0,
            "delay_after_policy_creation_in_ms": null,
            "description": "",
            "id": "arn:aws:iam::710271940761:policy/github-s3-upload-deployments",
            "name": "github-s3-upload-deployments",
            "name_prefix": "",
            "path": "/",
            "policy": "{\"Statement\":[{\"Action\":[\"s3:PutObject\",\"s3:DeleteObject\",\"s3:ListBucket\"],\"Effect\":\"Allow\",\"Resource\":[\"arn:aws:s3:::starttech-deployments-bucket\",\"arn:aws:s3:::starttech-deployments-bucket/*\"]}],\"Version\":\"2012-10-17\"}",
            "policy_id": "ANPA2KX4BXCM6ZWJLJCXW",
            "tags": null,
            "tags_all": {}
          },
          "sensitive_attributes": [],
          "identity_schema_version": 0,
          "identity": {
            "arn": "arn:aws:iam::710271940761:policy/github-s3-upload-deployments"
          },
          "private": "bnVsbA==",
          "dependencies": [
            "module.backend-s3-config.aws_s3_bucket.deployments"
          ]
        }
      ]
    },
    {
      "module": "module.backend-s3-config",
      "mode": "managed",
      "type": "aws_iam_policy",
      "name": "s3_read_deployments",
      "provider": "provider[\"registry.terraform.io/hashicorp/aws\"]",
      "instances": [
        {
          "schema_version": 0,
          "attributes": {
            "arn": "arn:aws:iam::710271940761:policy/starttech-s3-read-deployments",
            "attachment_count": 0,
            "delay_after_policy_creation_in_ms": null,
            "description": "Allow EC2 ASG instances to read docker-compose files from S3",
            "id": "arn:aws:iam::710271940761:policy/starttech-s3-read-deployments",
            "name": "starttech-s3-read-deployments",
            "name_prefix": "",
            "path": "/",
            "policy": "{\"Statement\":[{\"Action\":[\"s3:GetObject\",\"s3:ListBucket\"],\"Effect\":\"Allow\",\"Resource\":[\"arn:aws:s3:::starttech-deployments-bucket\",\"arn:aws:s3:::starttech-deployments-bucket/*\"]},{\"Action\":[\"logs:CreateLogGroup\",\"logs:CreateLogStream\",\"logs:PutLogEvents\"],\"Effect\":\"Allow\",\"Resource\":\"*\"}],\"Version\":\"2012-10-17\"}",
            "policy_id": "ANPA2KX4BXCM33RU2JXCK",
            "tags": null,
            "tags_all": {}
          },
          "sensitive_attributes": [],
          "identity_schema_version": 0,
          "identity": {
            "arn": "arn:aws:iam::710271940761:policy/starttech-s3-read-deployments"
          },
          "private": "bnVsbA==",
          "dependencies": [
            "module.backend-s3-config.aws_s3_bucket.deployments"
          ]
        }
      ]
    },
    {
      "module": "module.backend-s3-config",
      "mode": "managed",
      "type": "aws_iam_role",
      "name": "github_action_role",
      "provider": "provider[\"registry.terraform.io/hashicorp/aws\"]",
      "instances": [
        {
          "schema_version": 0,
          "attributes": {
            "arn": "arn:aws:iam::710271940761:role/github-action-role",
            "assume_role_policy": "{\"Statement\":[{\"Action\":\"sts:AssumeRoleWithWebIdentity\",\"Condition\":{\"StringEquals\":{\"token.actions.githubusercontent.com:sub\":\"repo:Kosisochi1/StartTech-Application:ref:refs/heads/main\"}},\"Effect\":\"Allow\",\"Principal\":{\"Federated\":\"arn:aws:iam::123456789012:oidc-provider/token.actions.githubusercontent.com\"}}],\"Version\":\"2012-10-17\"}",
            "create_date": "2026-01-28T00:25:19Z",
            "description": "",
            "force_detach_policies": false,
            "id": "github-action-role",
            "inline_policy": [],
            "managed_policy_arns": [],
            "max_session_duration": 3600,
            "name": "github-action-role",
            "name_prefix": "",
            "path": "/",
            "permissions_boundary": "",
            "tags": null,
            "tags_all": {},
            "unique_id": "AROA2KX4BXCM25IWIULYT"
          },
          "sensitive_attributes": [],
          "identity_schema_version": 0,
          "identity": {
            "account_id": "710271940761",
            "name": "github-action-role"
          },
          "private": "bnVsbA=="
        }
      ]
    },
    {
      "module": "module.backend-s3-config",
      "mode": "managed",
      "type": "aws_iam_role",
      "name": "github_actions",
      "provider": "provider[\"registry.terraform.io/hashicorp/aws\"]",
      "instances": [
        {
          "schema_version": 0,
          "attributes": {
            "arn": "arn:aws:iam::710271940761:role/github-actions-role",
            "assume_role_policy": "{\"Statement\":[{\"Action\":\"sts:AssumeRoleWithWebIdentity\",\"Condition\":{\"StringEquals\":{\"token.actions.githubusercontent.com:sub\":\"repo:Kosisochi1/StartTech-Application:ref:refs/heads/main\"}},\"Effect\":\"Allow\",\"Principal\":{\"Federated\":\"arn:aws:iam::123456789012:oidc-provider/token.actions.githubusercontent.com\"}}],\"Version\":\"2012-10-17\"}",
            "create_date": "2026-01-28T00:25:19Z",
            "description": "",
            "force_detach_policies": false,
            "id": "github-actions-role",
            "inline_policy": [],
            "managed_policy_arns": [],
            "max_session_duration": 3600,
            "name": "github-actions-role",
            "name_prefix": "",
            "path": "/",
            "permissions_boundary": "",
            "tags": null,
            "tags_all": {},
            "unique_id": "AROA2KX4BXCMZJ4PRJFCR"
          },
          "sensitive_attributes": [],
          "identity_schema_version": 0,
          "identity": {
            "account_id": "710271940761",
            "name": "github-actions-role"
          },
          "private": "bnVsbA=="
        }
      ]
    },
    {
      "module": "module.backend-s3-config",
      "mode": "managed",
      "type": "aws_iam_role_policy_attachment",
      "name": "attach_s3_read",
      "provider": "provider[\"registry.terraform.io/hashicorp/aws\"]",
      "instances": [
        {
          "schema_version": 0,
          "attributes": {
            "id": "ec2-role/arn:aws:iam::710271940761:policy/starttech-s3-read-deployments",
            "policy_arn": "arn:aws:iam::710271940761:policy/starttech-s3-read-deployments",
            "role": "ec2-role"
          },
          "sensitive_attributes": [],
          "identity_schema_version": 0,
          "identity": {
            "account_id": "710271940761",
            "policy_arn": "arn:aws:iam::710271940761:policy/starttech-s3-read-deployments",
            "role": "ec2-role"
          },
          "private": "bnVsbA==",
          "dependencies": [
            "module.backend-s3-config.aws_iam_policy.s3_read_deployments",
            "module.backend-s3-config.aws_s3_bucket.deployments",
            "module.compute.aws_iam_role.ec2_role",
            "module.networking.aws_eip.nat_gateway_eip",
            "module.networking.aws_internet_gateway.starttech_igw",
            "module.networking.aws_nat_gateway.starttech_nat_gw",
            "module.networking.aws_route_table.private_route_table",
            "module.networking.aws_route_table.public_route_table",
            "module.networking.aws_route_table_association.private_subnet_1a_rt_association",
            "module.networking.aws_route_table_association.public_subnet_rt_association",
            "module.networking.aws_subnet.private_subnet",
            "module.networking.aws_subnet.public_subnet",
            "module.networking.aws_subnet.public_subnet_1",
            "module.networking.aws_vpc.starttech_vpc",
            "module.networking.data.aws_availability_zones.availability_zone"
          ]
        }
      ]
    },
    {
      "module": "module.backend-s3-config",
      "mode": "managed",
      "type": "aws_iam_role_policy_attachment",
      "name": "github_action",
      "provider": "provider[\"registry.terraform.io/hashicorp/aws\"]",
      "instances": [
        {
          "schema_version": 0,
          "attributes": {
            "id": "github-actions-role/arn:aws:iam::710271940761:policy/github-s3-upload-deployments",
            "policy_arn": "arn:aws:iam::710271940761:policy/github-s3-upload-deployments",
            "role": "github-actions-role"
          },
          "sensitive_attributes": [],
          "identity_schema_version": 0,
          "identity": {
            "account_id": "710271940761",
            "policy_arn": "arn:aws:iam::710271940761:policy/github-s3-upload-deployments",
            "role": "github-actions-role"
          },
          "private": "bnVsbA==",
          "dependencies": [
            "module.backend-s3-config.aws_iam_policy.github_s3_upload",
            "module.backend-s3-config.aws_iam_role.github_actions",
            "module.backend-s3-config.aws_s3_bucket.deployments"
          ]
        }
      ]
    },
    {
      "module": "module.backend-s3-config",
      "mode": "managed",
      "type": "aws_s3_bucket",
      "name": "deployments",
      "provider": "provider[\"registry.terraform.io/hashicorp/aws\"]",
      "instances": [
        {
          "schema_version": 0,
          "attributes": {
            "acceleration_status": "",
            "acl": null,
            "arn": "arn:aws:s3:::starttech-deployments-bucket",
            "bucket": "starttech-deployments-bucket",
            "bucket_domain_name": "starttech-deployments-bucket.s3.amazonaws.com",
            "bucket_prefix": "",
            "bucket_region": "eu-west-1",
            "bucket_regional_domain_name": "starttech-deployments-bucket.s3.eu-west-1.amazonaws.com",
            "cors_rule": [],
            "force_destroy": true,
            "grant": [
              {
                "id": "74b30f905aba3f140714682ed327a6994495dbdeac6621da11c86568791275ae",
                "permissions": [
                  "FULL_CONTROL"
                ],
                "type": "CanonicalUser",
                "uri": ""
              }
            ],
            "hosted_zone_id": "Z1BKCTXD74EZPE",
            "id": "starttech-deployments-bucket",
            "lifecycle_rule": [],
            "logging": [],
            "object_lock_configuration": [],
            "object_lock_enabled": false,
            "policy": "",
            "region": "eu-west-1",
            "replication_configuration": [],
            "request_payer": "BucketOwner",
            "server_side_encryption_configuration": [
              {
                "rule": [
                  {
                    "apply_server_side_encryption_by_default": [
                      {
                        "kms_master_key_id": "",
                        "sse_algorithm": "AES256"
                      }
                    ],
                    "bucket_key_enabled": false
                  }
                ]
              }
            ],
            "tags": {
              "Environment": "prod",
              "Name": "starttech-deployments"
            },
            "tags_all": {
              "Environment": "prod",
              "Name": "starttech-deployments"
            },
            "timeouts": null,
            "versioning": [
              {
                "enabled": false,
                "mfa_delete": false
              }
            ],
            "website": [],
            "website_domain": null,
            "website_endpoint": null
          },
          "sensitive_attributes": [],
          "identity_schema_version": 0,
          "identity": {
            "account_id": "710271940761",
            "bucket": "starttech-deployments-bucket",
            "region": "eu-west-1"
          },
          "private": "eyJlMmJmYjczMC1lY2FhLTExZTYtOGY4OC0zNDM2M2JjN2M0YzAiOnsiY3JlYXRlIjoxMjAwMDAwMDAwMDAwLCJkZWxldGUiOjM2MDAwMDAwMDAwMDAsInJlYWQiOjEyMDAwMDAwMDAwMDAsInVwZGF0ZSI6MTIwMDAwMDAwMDAwMH19"
        }
      ]
    },
    {
      "module": "module.backend-s3-config",
      "mode": "managed",
      "type": "aws_s3_bucket_lifecycle_configuration",
      "name": "deployments",
      "provider": "provider[\"registry.terraform.io/hashicorp/aws\"]",
      "instances": [
        {
          "schema_version": 1,
          "attributes": {
            "bucket": "starttech-deployments-bucket",
            "expected_bucket_owner": "",
            "id": "starttech-deployments-bucket",
            "region": "eu-west-1",
            "rule": [
              {
                "abort_incomplete_multipart_upload": [],
                "expiration": [],
                "filter": [],
                "id": "cleanup-old-versions",
                "noncurrent_version_expiration": [
                  {
                    "newer_noncurrent_versions": null,
                    "noncurrent_days": 30
                  }
                ],
                "noncurrent_version_transition": [],
                "prefix": "",
                "status": "Enabled",
                "transition": []
              }
            ],
            "timeouts": null,
            "transition_default_minimum_object_size": "all_storage_classes_128K"
          },
          "sensitive_attributes": [],
          "identity_schema_version": 0,
          "dependencies": [
            "module.backend-s3-config.aws_s3_bucket.deployments"
          ]
        }
      ]
    },
    {
      "module": "module.backend-s3-config",
      "mode": "managed",
      "type": "aws_s3_bucket_public_access_block",
      "name": "deployments",
      "provider": "provider[\"registry.terraform.io/hashicorp/aws\"]",
      "instances": [
        {
          "schema_version": 0,
          "attributes": {
            "block_public_acls": true,
            "block_public_policy": true,
            "bucket": "starttech-deployments-bucket",
            "id": "starttech-deployments-bucket",
            "ignore_public_acls": true,
            "region": "eu-west-1",
            "restrict_public_buckets": true,
            "skip_destroy": null
          },
          "sensitive_attributes": [],
          "identity_schema_version": 0,
          "identity": {
            "account_id": "710271940761",
            "bucket": "starttech-deployments-bucket",
            "region": "eu-west-1"
          },
          "private": "bnVsbA==",
          "dependencies": [
            "module.backend-s3-config.aws_s3_bucket.deployments"
          ]
        }
      ]
    },
    {
      "module": "module.backend-s3-config",
      "mode": "managed",
      "type": "aws_s3_bucket_server_side_encryption_configuration",
      "name": "deployments",
      "provider": "provider[\"registry.terraform.io/hashicorp/aws\"]",
      "instances": [
        {
          "schema_version": 0,
          "attributes": {
            "bucket": "starttech-deployments-bucket",
            "expected_bucket_owner": "",
            "id": "starttech-deployments-bucket",
            "region": "eu-west-1",
            "rule": [
              {
                "apply_server_side_encryption_by_default": [
                  {
                    "kms_master_key_id": "",
                    "sse_algorithm": "AES256"
                  }
                ],
                "blocked_encryption_types": [],
                "bucket_key_enabled": null
              }
            ]
          },
          "sensitive_attributes": [],
          "identity_schema_version": 0,
          "identity": {
            "account_id": "710271940761",
            "bucket": "starttech-deployments-bucket",
            "expected_bucket_owner": null,
            "region": "eu-west-1"
          },
          "private": "bnVsbA==",
          "dependencies": [
            "module.backend-s3-config.aws_s3_bucket.deployments"
          ]
        }
      ]
    },
    {
      "module": "module.backend-s3-config",
      "mode": "managed",
      "type": "aws_s3_bucket_versioning",
      "name": "deployments",
      "provider": "provider[\"registry.terraform.io/hashicorp/aws\"]",
      "instances": [
        {
          "schema_version": 0,
          "attributes": {
            "bucket": "starttech-deployments-bucket",
            "expected_bucket_owner": "",
            "id": "starttech-deployments-bucket",
            "mfa": null,
            "region": "eu-west-1",
            "versioning_configuration": [
              {
                "mfa_delete": "",
                "status": "Enabled"
              }
            ]
          },
          "sensitive_attributes": [],
          "identity_schema_version": 0,
          "identity": {
            "account_id": "710271940761",
            "bucket": "starttech-deployments-bucket",
            "expected_bucket_owner": null,
            "region": "eu-west-1"
          },
          "private": "bnVsbA==",
          "dependencies": [
            "module.backend-s3-config.aws_s3_bucket.deployments"
          ]
        }
      ]
    },
    {
      "module": "module.backend-s3-config",
      "mode": "managed",
      "type": "aws_ssm_parameter",
      "name": "allowed_origins",
      "provider": "provider[\"registry.terraform.io/hashicorp/aws\"]",
      "instances": [
        {
          "schema_version": 0,
          "attributes": {
            "allowed_pattern": "",
            "arn": "arn:aws:ssm:eu-west-1:710271940761:parameter/starttech/backend/ALLOWED_ORIGINS",
            "data_type": "text",
            "description": "",
            "has_value_wo": false,
            "id": "/starttech/backend/ALLOWED_ORIGINS",
            "insecure_value": null,
            "key_id": "",
            "name": "/starttech/backend/ALLOWED_ORIGINS",
            "overwrite": null,
            "region": "eu-west-1",
            "tags": null,
            "tags_all": {},
            "tier": "Standard",
            "type": "String",
            "value": "*",
            "value_wo": null,
            "value_wo_version": null,
            "version": 1
          },
          "sensitive_attributes": [
            [
              {
                "type": "get_attr",
                "value": "value"
              }
            ],
            [
              {
                "type": "get_attr",
                "value": "value_wo"
              }
            ]
          ],
          "identity_schema_version": 0,
          "identity": {
            "account_id": "710271940761",
            "name": "/starttech/backend/ALLOWED_ORIGINS",
            "region": "eu-west-1"
          },
          "private": "bnVsbA=="
        }
      ]
    },
    {
      "module": "module.backend-s3-config",
      "mode": "managed",
      "type": "aws_ssm_parameter",
      "name": "integration",
      "provider": "provider[\"registry.terraform.io/hashicorp/aws\"]",
      "instances": [
        {
          "schema_version": 0,
          "attributes": {
            "allowed_pattern": "",
            "arn": "arn:aws:ssm:eu-west-1:710271940761:parameter/starttech/backend/INTEGRATION",
            "data_type": "text",
            "description": "",
            "has_value_wo": false,
            "id": "/starttech/backend/INTEGRATION",
            "insecure_value": null,
            "key_id": "",
            "name": "/starttech/backend/INTEGRATION",
            "overwrite": null,
            "region": "eu-west-1",
            "tags": null,
            "tags_all": {},
            "tier": "Standard",
            "type": "String",
            "value": "true",
            "value_wo": null,
            "value_wo_version": null,
            "version": 1
          },
          "sensitive_attributes": [
            [
              {
                "type": "get_attr",
                "value": "value"
              }
            ],
            [
              {
                "type": "get_attr",
                "value": "value_wo"
              }
            ]
          ],
          "identity_schema_version": 0,
          "identity": {
            "account_id": "710271940761",
            "name": "/starttech/backend/INTEGRATION",
            "region": "eu-west-1"
          },
          "private": "bnVsbA=="
        }
      ]
    },
    {
      "module": "module.backend-s3-config",
      "mode": "managed",
      "type": "aws_ssm_parameter",
      "name": "jwt_expiration_hours",
      "provider": "provider[\"registry.terraform.io/hashicorp/aws\"]",
      "instances": [
        {
          "schema_version": 0,
          "attributes": {
            "allowed_pattern": "",
            "arn": "arn:aws:ssm:eu-west-1:710271940761:parameter/starttech/backend/JWT_EXPIRATION_HOURS",
            "data_type": "text",
            "description": "",
            "has_value_wo": false,
            "id": "/starttech/backend/JWT_EXPIRATION_HOURS",
            "insecure_value": null,
            "key_id": "",
            "name": "/starttech/backend/JWT_EXPIRATION_HOURS",
            "overwrite": null,
            "region": "eu-west-1",
            "tags": null,
            "tags_all": {},
            "tier": "Standard",
            "type": "String",
            "value": "72",
            "value_wo": null,
            "value_wo_version": null,
            "version": 1
          },
          "sensitive_attributes": [
            [
              {
                "type": "get_attr",
                "value": "value"
              }
            ],
            [
              {
                "type": "get_attr",
                "value": "value_wo"
              }
            ]
          ],
          "identity_schema_version": 0,
          "identity": {
            "account_id": "710271940761",
            "name": "/starttech/backend/JWT_EXPIRATION_HOURS",
            "region": "eu-west-1"
          },
          "private": "bnVsbA=="
        }
      ]
    },
    {
      "module": "module.backend-s3-config",
      "mode": "managed",
      "type": "aws_ssm_parameter",
      "name": "jwt_secret_key",
      "provider": "provider[\"registry.terraform.io/hashicorp/aws\"]",
      "instances": [
        {
          "schema_version": 0,
          "attributes": {
            "allowed_pattern": "",
            "arn": "arn:aws:ssm:eu-west-1:710271940761:parameter/starttech/backend/JWT_SECRET_KEY",
            "data_type": "text",
            "description": "",
            "has_value_wo": false,
            "id": "/starttech/backend/JWT_SECRET_KEY",
            "insecure_value": null,
            "key_id": "",
            "name": "/starttech/backend/JWT_SECRET_KEY",
            "overwrite": null,
            "region": "eu-west-1",
            "tags": null,
            "tags_all": {},
            "tier": "Standard",
            "type": "String",
            "value": "your-super-secret-key-that-is-long-and-random",
            "value_wo": null,
            "value_wo_version": null,
            "version": 1
          },
          "sensitive_attributes": [
            [
              {
                "type": "get_attr",
                "value": "value"
              }
            ],
            [
              {
                "type": "get_attr",
                "value": "value_wo"
              }
            ]
          ],
          "identity_schema_version": 0,
          "identity": {
            "account_id": "710271940761",
            "name": "/starttech/backend/JWT_SECRET_KEY",
            "region": "eu-west-1"
          },
          "private": "bnVsbA=="
        }
      ]
    },
    {
      "module": "module.backend-s3-config",
      "mode": "managed",
      "type": "aws_ssm_parameter",
      "name": "log_format",
      "provider": "provider[\"registry.terraform.io/hashicorp/aws\"]",
      "instances": [
        {
          "schema_version": 0,
          "attributes": {
            "allowed_pattern": "",
            "arn": "arn:aws:ssm:eu-west-1:710271940761:parameter/starttech/backend/LOG_FORMAT",
            "data_type": "text",
            "description": "",
            "has_value_wo": false,
            "id": "/starttech/backend/LOG_FORMAT",
            "insecure_value": null,
            "key_id": "",
            "name": "/starttech/backend/LOG_FORMAT",
            "overwrite": null,
            "region": "eu-west-1",
            "tags": null,
            "tags_all": {},
            "tier": "Standard",
            "type": "String",
            "value": "json",
            "value_wo": null,
            "value_wo_version": null,
            "version": 1
          },
          "sensitive_attributes": [
            [
              {
                "type": "get_attr",
                "value": "value"
              }
            ],
            [
              {
                "type": "get_attr",
                "value": "value_wo"
              }
            ]
          ],
          "identity_schema_version": 0,
          "identity": {
            "account_id": "710271940761",
            "name": "/starttech/backend/LOG_FORMAT",
            "region": "eu-west-1"
          },
          "private": "bnVsbA=="
        }
      ]
    },
    {
      "module": "module.backend-s3-config",
      "mode": "managed",
      "type": "aws_ssm_parameter",
      "name": "log_level",
      "provider": "provider[\"registry.terraform.io/hashicorp/aws\"]",
      "instances": [
        {
          "schema_version": 0,
          "attributes": {
            "allowed_pattern": "",
            "arn": "arn:aws:ssm:eu-west-1:710271940761:parameter/starttech/backend/LOG_LEVEL",
            "data_type": "text",
            "description": "",
            "has_value_wo": false,
            "id": "/starttech/backend/LOG_LEVEL",
            "insecure_value": null,
            "key_id": "",
            "name": "/starttech/backend/LOG_LEVEL",
            "overwrite": null,
            "region": "eu-west-1",
            "tags": null,
            "tags_all": {},
            "tier": "Standard",
            "type": "String",
            "value": "DEBUG",
            "value_wo": null,
            "value_wo_version": null,
            "version": 1
          },
          "sensitive_attributes": [
            [
              {
                "type": "get_attr",
                "value": "value"
              }
            ],
            [
              {
                "type": "get_attr",
                "value": "value_wo"
              }
            ]
          ],
          "identity_schema_version": 0,
          "identity": {
            "account_id": "710271940761",
            "name": "/starttech/backend/LOG_LEVEL",
            "region": "eu-west-1"
          },
          "private": "bnVsbA=="
        }
      ]
    },
    {
      "module": "module.backend-s3-config",
      "mode": "managed",
      "type": "aws_ssm_parameter",
      "name": "mongo_uri",
      "provider": "provider[\"registry.terraform.io/hashicorp/aws\"]",
      "instances": [
        {
          "schema_version": 0,
          "attributes": {
            "allowed_pattern": "",
            "arn": "arn:aws:ssm:eu-west-1:710271940761:parameter/starttech/backend/MONGO_URI",
            "data_type": "text",
            "description": "",
            "has_value_wo": false,
            "id": "/starttech/backend/MONGO_URI",
            "insecure_value": null,
            "key_id": "alias/aws/ssm",
            "name": "/starttech/backend/MONGO_URI",
            "overwrite": null,
            "region": "eu-west-1",
            "tags": null,
            "tags_all": {},
            "tier": "Standard",
            "type": "SecureString",
            "value": "mongodb+srv://emmanuelezeoyirikosi:Kosionyi3010@cluster0.jnpvxpu.mongodb.net/GO-API",
            "value_wo": null,
            "value_wo_version": null,
            "version": 1
          },
          "sensitive_attributes": [
            [
              {
                "type": "get_attr",
                "value": "value"
              }
            ],
            [
              {
                "type": "get_attr",
                "value": "value_wo"
              }
            ]
          ],
          "identity_schema_version": 0,
          "identity": {
            "account_id": "710271940761",
            "name": "/starttech/backend/MONGO_URI",
            "region": "eu-west-1"
          },
          "private": "bnVsbA=="
        }
      ]
    },
    {
      "module": "module.backend-s3-config",
      "mode": "managed",
      "type": "aws_ssm_parameter",
      "name": "port",
      "provider": "provider[\"registry.terraform.io/hashicorp/aws\"]",
      "instances": [
        {
          "schema_version": 0,
          "attributes": {
            "allowed_pattern": "",
            "arn": "arn:aws:ssm:eu-west-1:710271940761:parameter/starttech/backend/PORT",
            "data_type": "text",
            "description": "",
            "has_value_wo": false,
            "id": "/starttech/backend/PORT",
            "insecure_value": null,
            "key_id": "",
            "name": "/starttech/backend/PORT",
            "overwrite": null,
            "region": "eu-west-1",
            "tags": null,
            "tags_all": {},
            "tier": "Standard",
            "type": "String",
            "value": "8080",
            "value_wo": null,
            "value_wo_version": null,
            "version": 1
          },
          "sensitive_attributes": [
            [
              {
                "type": "get_attr",
                "value": "value"
              }
            ],
            [
              {
                "type": "get_attr",
                "value": "value_wo"
              }
            ]
          ],
          "identity_schema_version": 0,
          "identity": {
            "account_id": "710271940761",
            "name": "/starttech/backend/PORT",
            "region": "eu-west-1"
          },
          "private": "bnVsbA=="
        }
      ]
    },
    {
      "module": "module.backend-s3-config",
      "mode": "managed",
      "type": "aws_ssm_parameter",
      "name": "redis_host",
      "provider": "provider[\"registry.terraform.io/hashicorp/aws\"]",
      "instances": [
        {
          "schema_version": 0,
          "attributes": {
            "allowed_pattern": "",
            "arn": "arn:aws:ssm:eu-west-1:710271940761:parameter/starttech/backend/REDIS_HOST",
            "data_type": "text",
            "description": "",
            "has_value_wo": false,
            "id": "/starttech/backend/REDIS_HOST",
            "insecure_value": null,
            "key_id": "",
            "name": "/starttech/backend/REDIS_HOST",
            "overwrite": null,
            "region": "eu-west-1",
            "tags": null,
            "tags_all": {},
            "tier": "Standard",
            "type": "String",
            "value": "redis-cluster.9tuiin.0001.euw1.cache.amazonaws.com",
            "value_wo": null,
            "value_wo_version": null,
            "version": 1
          },
          "sensitive_attributes": [
            [
              {
                "type": "get_attr",
                "value": "value"
              }
            ],
            [
              {
                "type": "get_attr",
                "value": "value_wo"
              }
            ]
          ],
          "identity_schema_version": 0,
          "identity": {
            "account_id": "710271940761",
            "name": "/starttech/backend/REDIS_HOST",
            "region": "eu-west-1"
          },
          "private": "bnVsbA=="
        }
      ]
    },
    {
      "module": "module.backend-s3-config",
      "mode": "managed",
      "type": "aws_ssm_parameter",
      "name": "redis_port",
      "provider": "provider[\"registry.terraform.io/hashicorp/aws\"]",
      "instances": [
        {
          "schema_version": 0,
          "attributes": {
            "allowed_pattern": "",
            "arn": "arn:aws:ssm:eu-west-1:710271940761:parameter/starttech/backend/REDIS_PORT",
            "data_type": "text",
            "description": "",
            "has_value_wo": false,
            "id": "/starttech/backend/REDIS_PORT",
            "insecure_value": null,
            "key_id": "",
            "name": "/starttech/backend/REDIS_PORT",
            "overwrite": null,
            "region": "eu-west-1",
            "tags": null,
            "tags_all": {},
            "tier": "Standard",
            "type": "String",
            "value": "6379",
            "value_wo": null,
            "value_wo_version": null,
            "version": 1
          },
          "sensitive_attributes": [
            [
              {
                "type": "get_attr",
                "value": "value"
              }
            ],
            [
              {
                "type": "get_attr",
                "value": "value_wo"
              }
            ]
          ],
          "identity_schema_version": 0,
          "identity": {
            "account_id": "710271940761",
            "name": "/starttech/backend/REDIS_PORT",
            "region": "eu-west-1"
          },
          "private": "bnVsbA=="
        }
      ]
    },
    {
      "module": "module.compute",
      "mode": "data",
      "type": "aws_caller_identity",
      "name": "current",
      "provider": "provider[\"registry.terraform.io/hashicorp/aws\"]",
      "instances": [
        {
          "schema_version": 0,
          "attributes": {
            "account_id": "710271940761",
            "arn": "arn:aws:iam::710271940761:user/Kosi_user",
            "id": "710271940761",
            "user_id": "AIDA2KX4BXCMVQQRMELHW"
          },
          "sensitive_attributes": [],
          "identity_schema_version": 0
        }
      ]
    },
    {
      "module": "module.compute",
      "mode": "managed",
      "type": "aws_autoscaling_group",
      "name": "web_asg",
      "provider": "provider[\"registry.terraform.io/hashicorp/aws\"]",
      "instances": [
        {
          "schema_version": 1,
          "attributes": {
            "arn": "arn:aws:autoscaling:eu-west-1:710271940761:autoScalingGroup:3eb81aad-288c-4ffc-87c5-efe7f1f399a9:autoScalingGroupName/web-asg",
            "availability_zone_distribution": [
              {
                "capacity_distribution_strategy": "balanced-best-effort"
              }
            ],
            "availability_zones": [
              "eu-west-1a"
            ],
            "capacity_rebalance": false,
            "capacity_reservation_specification": [
              {
                "capacity_reservation_preference": "default",
                "capacity_reservation_target": []
              }
            ],
            "context": "",
            "default_cooldown": 300,
            "default_instance_warmup": 0,
            "desired_capacity": 2,
            "desired_capacity_type": "",
            "enabled_metrics": null,
            "force_delete": false,
            "force_delete_warm_pool": false,
            "health_check_grace_period": 120,
            "health_check_type": "ELB",
            "id": "web-asg",
            "ignore_failed_scaling_activities": false,
            "initial_lifecycle_hook": [],
            "instance_maintenance_policy": [],
            "instance_refresh": [],
            "launch_configuration": "",
            "launch_template": [
              {
                "id": "lt-083252dd30aba2317",
                "name": "server-template20260128002715584600000005",
                "version": "$Latest"
              }
            ],
            "load_balancers": [],
            "max_instance_lifetime": 0,
            "max_size": 3,
            "metrics_granularity": "1Minute",
            "min_elb_capacity": null,
            "min_size": 1,
            "mixed_instances_policy": [],
            "name": "web-asg",
            "name_prefix": "",
            "placement_group": "",
            "predicted_capacity": 0,
            "protect_from_scale_in": false,
            "region": "eu-west-1",
            "service_linked_role_arn": "arn:aws:iam::710271940761:role/aws-service-role/autoscaling.amazonaws.com/AWSServiceRoleForAutoScaling",
            "suspended_processes": null,
            "tag": [
              {
                "key": "Name",
                "propagate_at_launch": true,
                "value": "web-server"
              }
            ],
            "target_group_arns": [
              "arn:aws:elasticloadbalancing:eu-west-1:710271940761:targetgroup/alb-target-group/d0be767369d1e563"
            ],
            "termination_policies": null,
            "timeouts": null,
            "traffic_source": [
              {
                "identifier": "arn:aws:elasticloadbalancing:eu-west-1:710271940761:targetgroup/alb-target-group/d0be767369d1e563",
                "type": "elbv2"
              }
            ],
            "vpc_zone_identifier": [
              "subnet-02a5ec998e47a1eec"
            ],
            "wait_for_capacity_timeout": "10m",
            "wait_for_elb_capacity": null,
            "warm_pool": [],
            "warm_pool_size": 0
          },
          "sensitive_attributes": [],
          "identity_schema_version": 0,
          "private": "eyJlMmJmYjczMC1lY2FhLTExZTYtOGY4OC0zNDM2M2JjN2M0YzAiOnsiZGVsZXRlIjo2MDAwMDAwMDAwMDAsInVwZGF0ZSI6NjAwMDAwMDAwMDAwfSwic2NoZW1hX3ZlcnNpb24iOiIxIn0=",
          "dependencies": [
            "module.compute.aws_iam_instance_profile.ec2_profile",
            "module.compute.aws_iam_role.ec2_role",
            "module.compute.aws_key_pair.aws_key_pair",
            "module.compute.aws_launch_template.server_tamplate",
            "module.compute.aws_lb_target_group.alb_tg",
            "module.compute.aws_security_group.alb_sg",
            "module.compute.aws_security_group.web_server_sg",
            "module.networking.aws_eip.nat_gateway_eip",
            "module.networking.aws_internet_gateway.starttech_igw",
            "module.networking.aws_nat_gateway.starttech_nat_gw",
            "module.networking.aws_route_table.private_route_table",
            "module.networking.aws_route_table.public_route_table",
            "module.networking.aws_route_table_association.private_subnet_1a_rt_association",
            "module.networking.aws_route_table_association.public_subnet_rt_association",
            "module.networking.aws_subnet.private_subnet",
            "module.networking.aws_subnet.public_subnet",
            "module.networking.aws_subnet.public_subnet_1",
            "module.networking.aws_vpc.starttech_vpc",
            "module.networking.data.aws_availability_zones.availability_zone"
          ]
        }
      ]
    },
    {
      "module": "module.compute",
      "mode": "managed",
      "type": "aws_iam_instance_profile",
      "name": "ec2_profile",
      "provider": "provider[\"registry.terraform.io/hashicorp/aws\"]",
      "instances": [
        {
          "schema_version": 0,
          "attributes": {
            "arn": "arn:aws:iam::710271940761:instance-profile/ec2-profile",
            "create_date": "2026-01-28T00:27:08Z",
            "id": "ec2-profile",
            "name": "ec2-profile",
            "name_prefix": "",
            "path": "/",
            "role": "ec2-role",
            "tags": null,
            "tags_all": {},
            "unique_id": "AIPA2KX4BXCM34TU5DRNL"
          },
          "sensitive_attributes": [],
          "identity_schema_version": 0,
          "private": "bnVsbA==",
          "dependencies": [
            "module.compute.aws_iam_role.ec2_role",
            "module.networking.aws_eip.nat_gateway_eip",
            "module.networking.aws_internet_gateway.starttech_igw",
            "module.networking.aws_nat_gateway.starttech_nat_gw",
            "module.networking.aws_route_table.private_route_table",
            "module.networking.aws_route_table.public_route_table",
            "module.networking.aws_route_table_association.private_subnet_1a_rt_association",
            "module.networking.aws_route_table_association.public_subnet_rt_association",
            "module.networking.aws_subnet.private_subnet",
            "module.networking.aws_subnet.public_subnet",
            "module.networking.aws_subnet.public_subnet_1",
            "module.networking.aws_vpc.starttech_vpc",
            "module.networking.data.aws_availability_zones.availability_zone"
          ]
        }
      ]
    },
    {
      "module": "module.compute",
      "mode": "managed",
      "type": "aws_iam_policy",
      "name": "ec2_ssm_backend_policy",
      "provider": "provider[\"registry.terraform.io/hashicorp/aws\"]",
      "instances": [
        {
          "schema_version": 0,
          "attributes": {
            "arn": "arn:aws:iam::710271940761:policy/ec2-ssm-starttech-backend",
            "attachment_count": 0,
            "delay_after_policy_creation_in_ms": null,
            "description": "Allow EC2 to read StartTech backend parameters from SSM",
            "id": "arn:aws:iam::710271940761:policy/ec2-ssm-starttech-backend",
            "name": "ec2-ssm-starttech-backend",
            "name_prefix": "",
            "path": "/",
            "policy": "{\"Statement\":[{\"Action\":[\"ssm:GetParameter\",\"ssm:GetParameters\",\"ssm:GetParametersByPath\"],\"Effect\":\"Allow\",\"Resource\":[\"arn:aws:ssm:eu-west-1:710271940761:parameter/starttech/backend*\"]},{\"Action\":\"kms:Decrypt\",\"Effect\":\"Allow\",\"Resource\":\"*\"},{\"Action\":[\"ecr:GetAuthorizationToken\",\"ecr:BatchGetImage\",\"ecr:GetDownloadUrlForLayer\"],\"Effect\":\"Allow\",\"Resource\":\"*\"}],\"Version\":\"2012-10-17\"}",
            "policy_id": "ANPA2KX4BXCMWXQTAZP6U",
            "tags": null,
            "tags_all": {}
          },
          "sensitive_attributes": [],
          "identity_schema_version": 0,
          "identity": {
            "arn": "arn:aws:iam::710271940761:policy/ec2-ssm-starttech-backend"
          },
          "private": "bnVsbA==",
          "dependencies": [
            "module.compute.data.aws_caller_identity.current",
            "module.networking.aws_eip.nat_gateway_eip",
            "module.networking.aws_internet_gateway.starttech_igw",
            "module.networking.aws_nat_gateway.starttech_nat_gw",
            "module.networking.aws_route_table.private_route_table",
            "module.networking.aws_route_table.public_route_table",
            "module.networking.aws_route_table_association.private_subnet_1a_rt_association",
            "module.networking.aws_route_table_association.public_subnet_rt_association",
            "module.networking.aws_subnet.private_subnet",
            "module.networking.aws_subnet.public_subnet",
            "module.networking.aws_subnet.public_subnet_1",
            "module.networking.aws_vpc.starttech_vpc",
            "module.networking.data.aws_availability_zones.availability_zone"
          ]
        }
      ]
    },
    {
      "module": "module.compute",
      "mode": "managed",
      "type": "aws_iam_role",
      "name": "ec2_role",
      "provider": "provider[\"registry.terraform.io/hashicorp/aws\"]",
      "instances": [
        {
          "schema_version": 0,
          "attributes": {
            "arn": "arn:aws:iam::710271940761:role/ec2-role",
            "assume_role_policy": "{\"Statement\":[{\"Action\":\"sts:AssumeRole\",\"Effect\":\"Allow\",\"Principal\":{\"Service\":\"ec2.amazonaws.com\"}}],\"Version\":\"2012-10-17\"}",
            "create_date": "2026-01-28T00:27:06Z",
            "description": "",
            "force_detach_policies": false,
            "id": "ec2-role",
            "inline_policy": [],
            "managed_policy_arns": [],
            "max_session_duration": 3600,
            "name": "ec2-role",
            "name_prefix": "",
            "path": "/",
            "permissions_boundary": "",
            "tags": {
              "Name": "EC2-Role"
            },
            "tags_all": {
              "Name": "EC2-Role"
            },
            "unique_id": "AROA2KX4BXCMUSDVY3RIM"
          },
          "sensitive_attributes": [],
          "identity_schema_version": 0,
          "identity": {
            "account_id": "710271940761",
            "name": "ec2-role"
          },
          "private": "bnVsbA==",
          "dependencies": [
            "module.networking.aws_eip.nat_gateway_eip",
            "module.networking.aws_internet_gateway.starttech_igw",
            "module.networking.aws_nat_gateway.starttech_nat_gw",
            "module.networking.aws_route_table.private_route_table",
            "module.networking.aws_route_table.public_route_table",
            "module.networking.aws_route_table_association.private_subnet_1a_rt_association",
            "module.networking.aws_route_table_association.public_subnet_rt_association",
            "module.networking.aws_subnet.private_subnet",
            "module.networking.aws_subnet.public_subnet",
            "module.networking.aws_subnet.public_subnet_1",
            "module.networking.aws_vpc.starttech_vpc",
            "module.networking.data.aws_availability_zones.availability_zone"
          ]
        }
      ]
    },
    {
      "module": "module.compute",
      "mode": "managed",
      "type": "aws_iam_role_policy_attachment",
      "name": "attach_ssm_backend",
      "provider": "provider[\"registry.terraform.io/hashicorp/aws\"]",
      "instances": [
        {
          "schema_version": 0,
          "attributes": {
            "id": "ec2-role/arn:aws:iam::710271940761:policy/ec2-ssm-starttech-backend",
            "policy_arn": "arn:aws:iam::710271940761:policy/ec2-ssm-starttech-backend",
            "role": "ec2-role"
          },
          "sensitive_attributes": [],
          "identity_schema_version": 0,
          "identity": {
            "account_id": "710271940761",
            "policy_arn": "arn:aws:iam::710271940761:policy/ec2-ssm-starttech-backend",
            "role": "ec2-role"
          },
          "private": "bnVsbA==",
          "dependencies": [
            "module.compute.aws_iam_policy.ec2_ssm_backend_policy",
            "module.compute.aws_iam_role.ec2_role",
            "module.compute.data.aws_caller_identity.current",
            "module.networking.aws_eip.nat_gateway_eip",
            "module.networking.aws_internet_gateway.starttech_igw",
            "module.networking.aws_nat_gateway.starttech_nat_gw",
            "module.networking.aws_route_table.private_route_table",
            "module.networking.aws_route_table.public_route_table",
            "module.networking.aws_route_table_association.private_subnet_1a_rt_association",
            "module.networking.aws_route_table_association.public_subnet_rt_association",
            "module.networking.aws_subnet.private_subnet",
            "module.networking.aws_subnet.public_subnet",
            "module.networking.aws_subnet.public_subnet_1",
            "module.networking.aws_vpc.starttech_vpc",
            "module.networking.data.aws_availability_zones.availability_zone"
          ]
        }
      ]
    },
    {
      "module": "module.compute",
      "mode": "managed",
      "type": "aws_iam_role_policy_attachment",
      "name": "cw",
      "provider": "provider[\"registry.terraform.io/hashicorp/aws\"]",
      "instances": [
        {
          "schema_version": 0,
          "attributes": {
            "id": "ec2-role/arn:aws:iam::aws:policy/CloudWatchAgentServerPolicy",
            "policy_arn": "arn:aws:iam::aws:policy/CloudWatchAgentServerPolicy",
            "role": "ec2-role"
          },
          "sensitive_attributes": [],
          "identity_schema_version": 0,
          "identity": {
            "account_id": "710271940761",
            "policy_arn": "arn:aws:iam::aws:policy/CloudWatchAgentServerPolicy",
            "role": "ec2-role"
          },
          "private": "bnVsbA==",
          "dependencies": [
            "module.compute.aws_iam_role.ec2_role",
            "module.networking.aws_eip.nat_gateway_eip",
            "module.networking.aws_internet_gateway.starttech_igw",
            "module.networking.aws_nat_gateway.starttech_nat_gw",
            "module.networking.aws_route_table.private_route_table",
            "module.networking.aws_route_table.public_route_table",
            "module.networking.aws_route_table_association.private_subnet_1a_rt_association",
            "module.networking.aws_route_table_association.public_subnet_rt_association",
            "module.networking.aws_subnet.private_subnet",
            "module.networking.aws_subnet.public_subnet",
            "module.networking.aws_subnet.public_subnet_1",
            "module.networking.aws_vpc.starttech_vpc",
            "module.networking.data.aws_availability_zones.availability_zone"
          ]
        }
      ]
    },
    {
      "module": "module.compute",
      "mode": "managed",
      "type": "aws_iam_role_policy_attachment",
      "name": "ec2_ssm_core",
      "provider": "provider[\"registry.terraform.io/hashicorp/aws\"]",
      "instances": [
        {
          "schema_version": 0,
          "attributes": {
            "id": "ec2-role/arn:aws:iam::aws:policy/AmazonSSMManagedInstanceCore",
            "policy_arn": "arn:aws:iam::aws:policy/AmazonSSMManagedInstanceCore",
            "role": "ec2-role"
          },
          "sensitive_attributes": [],
          "identity_schema_version": 0,
          "identity": {
            "account_id": "710271940761",
            "policy_arn": "arn:aws:iam::aws:policy/AmazonSSMManagedInstanceCore",
            "role": "ec2-role"
          },
          "private": "bnVsbA==",
          "dependencies": [
            "module.compute.aws_iam_role.ec2_role",
            "module.networking.aws_eip.nat_gateway_eip",
            "module.networking.aws_internet_gateway.starttech_igw",
            "module.networking.aws_nat_gateway.starttech_nat_gw",
            "module.networking.aws_route_table.private_route_table",
            "module.networking.aws_route_table.public_route_table",
            "module.networking.aws_route_table_association.private_subnet_1a_rt_association",
            "module.networking.aws_route_table_association.public_subnet_rt_association",
            "module.networking.aws_subnet.private_subnet",
            "module.networking.aws_subnet.public_subnet",
            "module.networking.aws_subnet.public_subnet_1",
            "module.networking.aws_vpc.starttech_vpc",
            "module.networking.data.aws_availability_zones.availability_zone"
          ]
        }
      ]
    },
    {
      "module": "module.compute",
      "mode": "managed",
      "type": "aws_key_pair",
      "name": "aws_key_pair",
      "provider": "provider[\"registry.terraform.io/hashicorp/aws\"]",
      "instances": [
        {
          "schema_version": 1,
          "attributes": {
            "arn": "arn:aws:ec2:eu-west-1:710271940761:key-pair/backend-asg-key",
            "fingerprint": "1e:68:04:7c:96:f1:f6:3b:0d:18:d7:f9:39:8d:74:e1",
            "id": "backend-asg-key",
            "key_name": "backend-asg-key",
            "key_name_prefix": "",
            "key_pair_id": "key-0fe19502f6dee3d1f",
            "key_type": "rsa",
            "public_key": "ssh-rsa AAAAB3NzaC1yc2EAAAADAQABAAABgQCk8inZ/e70TOJ47XUH5cpvGUpmiAe3x3yrbJlJ+u82sbd6aqMyWk/3hMNTHEu11W3xh3lAYR9ECpuKDtFxu0FAUjVszOYoEx4fq9m0QaMke+g0+6hM2IFmzeCIl3UNNq4n8vpGR4IIREKTfe4m6GxdobQ21wbb0gAMVOb0GFGe56j/YQ4nwFKk6jQ2Gmja/haUfRtVZLGAchl/TWkH3SLjog6rh6yG5nxdFHjv4FeVBYapiDPiMJRq92aFIRZAf5lA66s9o78I10JVUDvye0nmcy/0tshEXOndyww6GV5mq3bEjl/7dwb6nWg0A05QAzpEi6XsQ4bR4MGNjAzjGpsKxJefFbfid6OSsYJtVCaOZL5E+PfSAvstxHuaVl9fxtHXDt2eUhVJXd9DB+h9dokHwGVPoUHvEaC0Me7h7kgfGANeP87PHioApIdPRPGQsa4sto/PR5dh2as6+bNvWk1hndQtC2Whm+Ak+6TftAFn/EIPMXotvEho4/6J0+ATJi0= KOSI@DESKTOP-0DAJRA0",
            "region": "eu-west-1",
            "tags": null,
            "tags_all": {}
          },
          "sensitive_attributes": [],
          "identity_schema_version": 0,
          "private": "eyJzY2hlbWFfdmVyc2lvbiI6IjEifQ==",
          "dependencies": [
            "module.networking.aws_eip.nat_gateway_eip",
            "module.networking.aws_internet_gateway.starttech_igw",
            "module.networking.aws_nat_gateway.starttech_nat_gw",
            "module.networking.aws_route_table.private_route_table",
            "module.networking.aws_route_table.public_route_table",
            "module.networking.aws_route_table_association.private_subnet_1a_rt_association",
            "module.networking.aws_route_table_association.public_subnet_rt_association",
            "module.networking.aws_subnet.private_subnet",
            "module.networking.aws_subnet.public_subnet",
            "module.networking.aws_subnet.public_subnet_1",
            "module.networking.aws_vpc.starttech_vpc",
            "module.networking.data.aws_availability_zones.availability_zone"
          ]
        }
      ]
    },
    {
      "module": "module.compute",
      "mode": "managed",
      "type": "aws_launch_template",
      "name": "server_tamplate",
      "provider": "provider[\"registry.terraform.io/hashicorp/aws\"]",
      "instances": [
        {
          "schema_version": 1,
          "attributes": {
            "arn": "arn:aws:ec2:eu-west-1:710271940761:launch-template/lt-083252dd30aba2317",
            "block_device_mappings": [],
            "capacity_reservation_specification": [],
            "cpu_options": [],
            "credit_specification": [],
            "default_version": 1,
            "description": "",
            "disable_api_stop": false,
            "disable_api_termination": false,
            "ebs_optimized": "",
            "enclave_options": [],
            "hibernation_options": [],
            "iam_instance_profile": [
              {
                "arn": "",
                "name": "ec2-profile"
              }
            ],
            "id": "lt-083252dd30aba2317",
            "image_id": "ami-0f27749973e2399b6",
            "instance_initiated_shutdown_behavior": "",
            "instance_market_options": [],
            "instance_requirements": [],
            "instance_type": "t3.micro",
            "kernel_id": "",
            "key_name": "backend-asg-key",
            "latest_version": 1,
            "license_specification": [],
            "maintenance_options": [],
            "metadata_options": [],
            "monitoring": [],
            "name": "server-template20260128002715584600000005",
            "name_prefix": "server-template",
            "network_interfaces": [],
            "placement": [],
            "private_dns_name_options": [],
            "ram_disk_id": "",
            "region": "eu-west-1",
            "security_group_names": null,
            "tag_specifications": [],
            "tags": null,
            "tags_all": {},
            "update_default_version": null,
            "user_data": "IyEvYmluL2Jhc2gKc2V0IC1ldXgKCiMtLS0tLS0tLS0tLS0tLS0tLS0tLS0tLS0tLS0tLS0KIyBWYXJpYWJsZXMKIy0tLS0tLS0tLS0tLS0tLS0tLS0tLS0tLS0tLS0tLQpBUFBfRElSPS9vcHQvc3RhcnR0ZWNoCkxPR19ESVI9L3Zhci9sb2cvc3RhcnR0ZWNoCkVOVl9GSUxFPSRBUFBfRElSLy5lbnYKCgojLS0tLS0tLS0tLS0tLS0tLS0tLS0tLS0tLS0tLS0tCiMgVXBkYXRlIHBhY2thZ2VzCiMtLS0tLS0tLS0tLS0tLS0tLS0tLS0tLS0tLS0tLS0KZXhwb3J0IERFQklBTl9GUk9OVEVORD1ub25pbnRlcmFjdGl2ZQphcHQtZ2V0IHVwZGF0ZSAteQphcHQtZ2V0IGluc3RhbGwgLXkgdW56aXAgY3VybAoKIy0tLS0tLS0tLS0tLS0tLS0tLS0tLS0tLS0tLS0tLQojIEluc3RhbGwgQVdTIENMSSB2MgojLS0tLS0tLS0tLS0tLS0tLS0tLS0tLS0tLS0tLS0tCmN1cmwgImh0dHBzOi8vYXdzY2xpLmFtYXpvbmF3cy5jb20vYXdzY2xpLWV4ZS1saW51eC14ODZfNjQuemlwIiAtbyAiL3RtcC9hd3NjbGl2Mi56aXAiCnVuemlwIC1xIC90bXAvYXdzY2xpdjIuemlwIC1kIC90bXAKL3RtcC9hd3MvaW5zdGFsbAphd3MgLS12ZXJzaW9uCgojLS0tLS0tLS0tLS0tLS0tLS0tLS0tLS0tLS0tLS0tCiMgSW5zdGFsbCBDbG91ZFdhdGNoIEFnZW50CiMtLS0tLS0tLS0tLS0tLS0tLS0tLS0tLS0tLS0tLS0KY3VybCAtbyAvdG1wL2FtYXpvbi1jbG91ZHdhdGNoLWFnZW50LmRlYiBcCiAgaHR0cHM6Ly9zMy5hbWF6b25hd3MuY29tL2FtYXpvbmNsb3Vkd2F0Y2gtYWdlbnQvdWJ1bnR1L2FtZDY0L2xhdGVzdC9hbWF6b24tY2xvdWR3YXRjaC1hZ2VudC5kZWIKZHBrZyAtaSAvdG1wL2FtYXpvbi1jbG91ZHdhdGNoLWFnZW50LmRlYiB8fCBhcHQtZ2V0IC1mIGluc3RhbGwgLXkKc3lzdGVtY3RsIGVuYWJsZSBhbWF6b24tY2xvdWR3YXRjaC1hZ2VudAoKIy0tLS0tLS0tLS0tLS0tLS0tLS0tLS0tLS0tLS0tLQojIENyZWF0ZSBhcHAgZGlyZWN0b3JpZXMgYW5kIGxvZ3MKIy0tLS0tLS0tLS0tLS0tLS0tLS0tLS0tLS0tLS0tLQpta2RpciAtcCAkQVBQX0RJUiAkTE9HX0RJUgp0b3VjaCAkTE9HX0RJUi9iYWNrZW5kLmxvZyAkTE9HX0RJUi9iYWNrZW5kLWVycm9yLmxvZwpjaG1vZCA2NDQgJExPR19ESVIvKi5sb2cKCiMtLS0tLS0tLS0tLS0tLS0tLS0tLS0tLS0tLS0tLS0KIyBGZXRjaCBiYWNrZW5kIGJpbmFyeQojLS0tLS0tLS0tLS0tLS0tLS0tLS0tLS0tLS0tLS0tCmF3cyBzMyBjcCBzMzovL3N0YXJ0dGVjaC1kZXBsb3ltZW50cy1idWNrZXQvc2VydmVyICRBUFBfRElSL2JhY2tlbmQKY2htb2QgK3ggJEFQUF9ESVIvYmFja2VuZAoKIy0tLS0tLS0tLS0tLS0tLS0tLS0tLS0tLS0tLS0tLQojIEZldGNoIHN5c3RlbWQgc2VydmljZQojLS0tLS0tLS0tLS0tLS0tLS0tLS0tLS0tLS0tLS0tCmF3cyBzMyBjcCBzMzovL3N0YXJ0dGVjaC1kZXBsb3ltZW50cy1idWNrZXQvc3RhcnR0ZWNoLWJhY2tlbmQuc2VydmljZSAvZXRjL3N5c3RlbWQvc3lzdGVtL3N0YXJ0dGVjaC1iYWNrZW5kLnNlcnZpY2UKCiMtLS0tLS0tLS0tLS0tLS0tLS0tLS0tLS0tLS0tLS0KIyBGZXRjaCBlbnZpcm9ubWVudCB2YXJpYWJsZXMgZnJvbSBTU00KIy0tLS0tLS0tLS0tLS0tLS0tLS0tLS0tLS0tLS0tLQpFTlZfRklMRT0vb3B0L3N0YXJ0dGVjaC8uZW52CnJtIC1mICRFTlZfRklMRQp0b3VjaCAkRU5WX0ZJTEUKCiMgRmV0Y2ggcGFyYW1ldGVycyBhbmQgd3JpdGUgdG8gLmVudgphcHQtZ2V0IGluc3RhbGwgLXkganEKCnNldCAtYQphd3Mgc3NtIGdldC1wYXJhbWV0ZXJzLWJ5LXBhdGggXAogIC0tcGF0aCAiL3N0YXJ0dGVjaC9iYWNrZW5kIiBcCiAgLS13aXRoLWRlY3J5cHRpb24gXAogIC0tcXVlcnkgIlBhcmFtZXRlcnNbKl0iIFwKICAtLW91dHB1dCBqc29uIHwganEgLXIgJy5bXSB8ICJcKC5OYW1lIHwgc3BsaXQoIi8iKVstMV0pPVwoLlZhbHVlKSInID4gJEVOVl9GSUxFCnNldCArYQpjaG93biByb290OnJvb3QgL29wdC9zdGFydHRlY2gvLmVudgoKCmNobW9kIDYwMCAkRU5WX0ZJTEUKI2Nob3duIHJvb3Q6cm9vdCAvb3B0L3N0YXJ0dGVjaC8uZW52CgoKIyBEZWJ1Zzogc2hvdyB3aGF0IHdhcyB3cml0dGVuCmVjaG8gIj09PT09IC5lbnYgY29udGVudHMgPT09PT0iCmNhdCAkRU5WX0ZJTEUKZWNobyAiPT09PT09PT09PT09PT09PT09PT09PT09PSIKCiNta2RpciAtcCAvb3B0L3N0YXJ0dGVjaCAvdmFyL2xvZy9zdGFydHRlY2gKY2hvd24gLVIgdWJ1bnR1OnVidW50dSAgL3Zhci9sb2cvc3RhcnR0ZWNoCmNobW9kICt4IC9vcHQvc3RhcnR0ZWNoL2JhY2tlbmQKCiMtLS0tLS0tLS0tLS0tLS0tLS0tLS0tLS0tLS0tLS0KIyBFbmFibGUgYW5kIHN0YXJ0IGJhY2tlbmQgc2VydmljZQojLS0tLS0tLS0tLS0tLS0tLS0tLS0tLS0tLS0tLS0tCnN5c3RlbWN0bCBkYWVtb24tcmVsb2FkCnN5c3RlbWN0bCBlbmFibGUgc3RhcnR0ZWNoLWJhY2tlbmQKc3lzdGVtY3RsIHJlc3RhcnQgc3RhcnR0ZWNoLWJhY2tlbmQKCiMtLS0tLS0tLS0tLS0tLS0tLS0tLS0tLS0tLS0tLS0KIyBDb25maWd1cmUgQ2xvdWRXYXRjaCBBZ2VudCB0byB3YXRjaCBsb2dzCiMtLS0tLS0tLS0tLS0tLS0tLS0tLS0tLS0tLS0tLS0KbWtkaXIgLXAgL29wdC9hd3MvYW1hem9uLWNsb3Vkd2F0Y2gtYWdlbnQvZXRjCmNhdCA8PEVPRiA+IC9vcHQvYXdzL2FtYXpvbi1jbG91ZHdhdGNoLWFnZW50L2V0Yy9hbWF6b24tY2xvdWR3YXRjaC1hZ2VudC5qc29uCnsKICAibG9ncyI6IHsKICAgICJsb2dzX2NvbGxlY3RlZCI6IHsKICAgICAgImZpbGVzIjogewogICAgICAgICJjb2xsZWN0X2xpc3QiOiBbCiAgICAgICAgICB7CiAgICAgICAgICAgICJmaWxlX3BhdGgiOiAiL3Zhci9sb2cvc3RhcnR0ZWNoL2JhY2tlbmQubG9nIiwKICAgICAgICAgICAgImxvZ19ncm91cF9uYW1lIjogIi9zdGFydHRlY2gvYmFja2VuZCIsCiAgICAgICAgICAgICJsb2dfc3RyZWFtX25hbWUiOiAie2luc3RhbmNlX2lkfSIKICAgICAgICAgIH0sCiAgICAgICAgICB7CiAgICAgICAgICAgICJmaWxlX3BhdGgiOiAiL3Zhci9sb2cvc3RhcnR0ZWNoL2JhY2tlbmQtZXJyb3IubG9nIiwKICAgICAgICAgICAgImxvZ19ncm91cF9uYW1lIjogIi9zdGFydHRlY2gvYmFja2VuZC1lcnJvciIsCiAgICAgICAgICAgICJsb2dfc3RyZWFtX25hbWUiOiAie2luc3RhbmNlX2lkfSIKICAgICAgICAgIH0KICAgICAgICBdCiAgICAgIH0KICAgIH0KICB9Cn0KRU9GCgojLS0tLS0tLS0tLS0tLS0tLS0tLS0tLS0tLS0tLS0tCiMgU3RhcnQgQ2xvdWRXYXRjaCBBZ2VudAojLS0tLS0tLS0tLS0tLS0tLS0tLS0tLS0tLS0tLS0tCi9vcHQvYXdzL2FtYXpvbi1jbG91ZHdhdGNoLWFnZW50L2Jpbi9hbWF6b24tY2xvdWR3YXRjaC1hZ2VudC1jdGwgXAogIC1hIGZldGNoLWNvbmZpZyAtbSBlYzIgLWMgZmlsZTovb3B0L2F3cy9hbWF6b24tY2xvdWR3YXRjaC1hZ2VudC9ldGMvYW1hem9uLWNsb3Vkd2F0Y2gtYWdlbnQuanNvbiAtcwo=",
            "vpc_security_group_ids": [
              "sg-0fe8c9f869a844693"
            ]
          },
          "sensitive_attributes": [],
          "identity_schema_version": 0,
          "private": "eyJzY2hlbWFfdmVyc2lvbiI6IjEifQ==",
          "dependencies": [
            "module.compute.aws_iam_instance_profile.ec2_profile",
            "module.compute.aws_iam_role.ec2_role",
            "module.compute.aws_key_pair.aws_key_pair",
            "module.compute.aws_security_group.alb_sg",
            "module.compute.aws_security_group.web_server_sg",
            "module.networking.aws_eip.nat_gateway_eip",
            "module.networking.aws_internet_gateway.starttech_igw",
            "module.networking.aws_nat_gateway.starttech_nat_gw",
            "module.networking.aws_route_table.private_route_table",
            "module.networking.aws_route_table.public_route_table",
            "module.networking.aws_route_table_association.private_subnet_1a_rt_association",
            "module.networking.aws_route_table_association.public_subnet_rt_association",
            "module.networking.aws_subnet.private_subnet",
            "module.networking.aws_subnet.public_subnet",
            "module.networking.aws_subnet.public_subnet_1",
            "module.networking.aws_vpc.starttech_vpc",
            "module.networking.data.aws_availability_zones.availability_zone"
          ]
        }
      ]
    },
    {
      "module": "module.compute",
      "mode": "managed",
      "type": "aws_lb",
      "name": "main_alb",
      "provider": "provider[\"registry.terraform.io/hashicorp/aws\"]",
      "instances": [
        {
          "schema_version": 0,
          "attributes": {
            "access_logs": [
              {
                "bucket": "",
                "enabled": false,
                "prefix": ""
              }
            ],
            "arn": "arn:aws:elasticloadbalancing:eu-west-1:710271940761:loadbalancer/app/main-alb/cdd4b18ada6b096a",
            "arn_suffix": "app/main-alb/cdd4b18ada6b096a",
            "client_keep_alive": 3600,
            "connection_logs": [
              {
                "bucket": "",
                "enabled": false,
                "prefix": ""
              }
            ],
            "customer_owned_ipv4_pool": "",
            "desync_mitigation_mode": "defensive",
            "dns_name": "main-alb-1227448226.eu-west-1.elb.amazonaws.com",
            "dns_record_client_routing_policy": null,
            "drop_invalid_header_fields": false,
            "enable_cross_zone_load_balancing": true,
            "enable_deletion_protection": false,
            "enable_http2": true,
            "enable_tls_version_and_cipher_suite_headers": false,
            "enable_waf_fail_open": false,
            "enable_xff_client_port": false,
            "enable_zonal_shift": false,
            "enforce_security_group_inbound_rules_on_private_link_traffic": "",
            "health_check_logs": [
              {
                "bucket": "",
                "enabled": false,
                "prefix": ""
              }
            ],
            "id": "arn:aws:elasticloadbalancing:eu-west-1:710271940761:loadbalancer/app/main-alb/cdd4b18ada6b096a",
            "idle_timeout": 60,
            "internal": false,
            "ip_address_type": "ipv4",
            "ipam_pools": [],
            "load_balancer_type": "application",
            "minimum_load_balancer_capacity": [],
            "name": "main-alb",
            "name_prefix": "",
            "preserve_host_header": false,
            "region": "eu-west-1",
            "secondary_ips_auto_assigned_per_subnet": null,
            "security_groups": [
              "sg-05d492151c41e00bb"
            ],
            "subnet_mapping": [
              {
                "allocation_id": "",
                "ipv6_address": "",
                "outpost_id": "",
                "private_ipv4_address": "",
                "subnet_id": "subnet-0a7960a5d923144f7"
              },
              {
                "allocation_id": "",
                "ipv6_address": "",
                "outpost_id": "",
                "private_ipv4_address": "",
                "subnet_id": "subnet-0ab042643a033bfd6"
              }
            ],
            "subnets": [
              "subnet-0a7960a5d923144f7",
              "subnet-0ab042643a033bfd6"
            ],
            "tags": {
              "Name": "Main-ALB"
            },
            "tags_all": {
              "Name": "Main-ALB"
            },
            "timeouts": null,
            "vpc_id": "vpc-069208791c9a4008e",
            "xff_header_processing_mode": "append",
            "zone_id": "Z32O12XQLNTSW2"
          },
          "sensitive_attributes": [],
          "identity_schema_version": 0,
          "identity": {
            "arn": "arn:aws:elasticloadbalancing:eu-west-1:710271940761:loadbalancer/app/main-alb/cdd4b18ada6b096a"
          },
          "private": "eyJlMmJmYjczMC1lY2FhLTExZTYtOGY4OC0zNDM2M2JjN2M0YzAiOnsiY3JlYXRlIjo2MDAwMDAwMDAwMDAsImRlbGV0ZSI6NjAwMDAwMDAwMDAwLCJ1cGRhdGUiOjYwMDAwMDAwMDAwMH19",
          "dependencies": [
            "module.compute.aws_security_group.alb_sg",
            "module.networking.aws_eip.nat_gateway_eip",
            "module.networking.aws_internet_gateway.starttech_igw",
            "module.networking.aws_nat_gateway.starttech_nat_gw",
            "module.networking.aws_route_table.private_route_table",
            "module.networking.aws_route_table.public_route_table",
            "module.networking.aws_route_table_association.private_subnet_1a_rt_association",
            "module.networking.aws_route_table_association.public_subnet_rt_association",
            "module.networking.aws_subnet.private_subnet",
            "module.networking.aws_subnet.public_subnet",
            "module.networking.aws_subnet.public_subnet_1",
            "module.networking.aws_vpc.starttech_vpc",
            "module.networking.data.aws_availability_zones.availability_zone"
          ]
        }
      ]
    },
    {
      "module": "module.compute",
      "mode": "managed",
      "type": "aws_lb_listener",
      "name": "alb_listener",
      "provider": "provider[\"registry.terraform.io/hashicorp/aws\"]",
      "instances": [
        {
          "schema_version": 0,
          "attributes": {
            "alpn_policy": null,
            "arn": "arn:aws:elasticloadbalancing:eu-west-1:710271940761:listener/app/main-alb/cdd4b18ada6b096a/97c1102804e9484f",
            "certificate_arn": null,
            "default_action": [
              {
                "authenticate_cognito": [],
                "authenticate_oidc": [],
                "fixed_response": [],
                "forward": [],
                "jwt_validation": [],
                "order": 1,
                "redirect": [],
                "target_group_arn": "arn:aws:elasticloadbalancing:eu-west-1:710271940761:targetgroup/alb-target-group/d0be767369d1e563",
                "type": "forward"
              }
            ],
            "id": "arn:aws:elasticloadbalancing:eu-west-1:710271940761:listener/app/main-alb/cdd4b18ada6b096a/97c1102804e9484f",
            "load_balancer_arn": "arn:aws:elasticloadbalancing:eu-west-1:710271940761:loadbalancer/app/main-alb/cdd4b18ada6b096a",
            "mutual_authentication": [],
            "port": 80,
            "protocol": "HTTP",
            "region": "eu-west-1",
            "routing_http_request_x_amzn_mtls_clientcert_header_name": null,
            "routing_http_request_x_amzn_mtls_clientcert_issuer_header_name": null,
            "routing_http_request_x_amzn_mtls_clientcert_leaf_header_name": null,
            "routing_http_request_x_amzn_mtls_clientcert_serial_number_header_name": null,
            "routing_http_request_x_amzn_mtls_clientcert_subject_header_name": null,
            "routing_http_request_x_amzn_mtls_clientcert_validity_header_name": null,
            "routing_http_request_x_amzn_tls_cipher_suite_header_name": null,
            "routing_http_request_x_amzn_tls_version_header_name": null,
            "routing_http_response_access_control_allow_credentials_header_value": "",
            "routing_http_response_access_control_allow_headers_header_value": "",
            "routing_http_response_access_control_allow_methods_header_value": "",
            "routing_http_response_access_control_allow_origin_header_value": "",
            "routing_http_response_access_control_expose_headers_header_value": "",
            "routing_http_response_access_control_max_age_header_value": "",
            "routing_http_response_content_security_policy_header_value": "",
            "routing_http_response_server_enabled": true,
            "routing_http_response_strict_transport_security_header_value": "",
            "routing_http_response_x_content_type_options_header_value": "",
            "routing_http_response_x_frame_options_header_value": "",
            "ssl_policy": "",
            "tags": null,
            "tags_all": {},
            "tcp_idle_timeout_seconds": null,
            "timeouts": null
          },
          "sensitive_attributes": [],
          "identity_schema_version": 0,
          "identity": {
            "arn": "arn:aws:elasticloadbalancing:eu-west-1:710271940761:listener/app/main-alb/cdd4b18ada6b096a/97c1102804e9484f"
          },
          "private": "eyJlMmJmYjczMC1lY2FhLTExZTYtOGY4OC0zNDM2M2JjN2M0YzAiOnsiY3JlYXRlIjozMDAwMDAwMDAwMDAsInVwZGF0ZSI6MzAwMDAwMDAwMDAwfX0=",
          "dependencies": [
            "module.compute.aws_lb.main_alb",
            "module.compute.aws_lb_target_group.alb_tg",
            "module.compute.aws_security_group.alb_sg",
            "module.networking.aws_eip.nat_gateway_eip",
            "module.networking.aws_internet_gateway.starttech_igw",
            "module.networking.aws_nat_gateway.starttech_nat_gw",
            "module.networking.aws_route_table.private_route_table",
            "module.networking.aws_route_table.public_route_table",
            "module.networking.aws_route_table_association.private_subnet_1a_rt_association",
            "module.networking.aws_route_table_association.public_subnet_rt_association",
            "module.networking.aws_subnet.private_subnet",
            "module.networking.aws_subnet.public_subnet",
            "module.networking.aws_subnet.public_subnet_1",
            "module.networking.aws_vpc.starttech_vpc",
            "module.networking.data.aws_availability_zones.availability_zone"
          ]
        }
      ]
    },
    {
      "module": "module.compute",
      "mode": "managed",
      "type": "aws_lb_target_group",
      "name": "alb_tg",
      "provider": "provider[\"registry.terraform.io/hashicorp/aws\"]",
      "instances": [
        {
          "schema_version": 0,
          "attributes": {
            "arn": "arn:aws:elasticloadbalancing:eu-west-1:710271940761:targetgroup/alb-target-group/d0be767369d1e563",
            "arn_suffix": "targetgroup/alb-target-group/d0be767369d1e563",
            "connection_termination": null,
            "deregistration_delay": "300",
            "health_check": [
              {
                "enabled": true,
                "healthy_threshold": 3,
                "interval": 30,
                "matcher": "200",
                "path": "/health",
                "port": "traffic-port",
                "protocol": "HTTP",
                "timeout": 5,
                "unhealthy_threshold": 3
              }
            ],
            "id": "arn:aws:elasticloadbalancing:eu-west-1:710271940761:targetgroup/alb-target-group/d0be767369d1e563",
            "ip_address_type": "ipv4",
            "lambda_multi_value_headers_enabled": false,
            "load_balancer_arns": [],
            "load_balancing_algorithm_type": "round_robin",
            "load_balancing_anomaly_mitigation": "off",
            "load_balancing_cross_zone_enabled": "use_load_balancer_configuration",
            "name": "alb-target-group",
            "name_prefix": "",
            "port": 8080,
            "preserve_client_ip": null,
            "protocol": "HTTP",
            "protocol_version": "HTTP1",
            "proxy_protocol_v2": false,
            "region": "eu-west-1",
            "slow_start": 0,
            "stickiness": [
              {
                "cookie_duration": 86400,
                "cookie_name": "",
                "enabled": false,
                "type": "lb_cookie"
              }
            ],
            "tags": null,
            "tags_all": {},
            "target_control_port": 0,
            "target_failover": [
              {
                "on_deregistration": null,
                "on_unhealthy": null
              }
            ],
            "target_group_health": [
              {
                "dns_failover": [
                  {
                    "minimum_healthy_targets_count": "1",
                    "minimum_healthy_targets_percentage": "off"
                  }
                ],
                "unhealthy_state_routing": [
                  {
                    "minimum_healthy_targets_count": 1,
                    "minimum_healthy_targets_percentage": "off"
                  }
                ]
              }
            ],
            "target_health_state": [
              {
                "enable_unhealthy_connection_termination": null,
                "unhealthy_draining_interval": null
              }
            ],
            "target_type": "instance",
            "vpc_id": "vpc-069208791c9a4008e"
          },
          "sensitive_attributes": [],
          "identity_schema_version": 0,
          "identity": {
            "arn": "arn:aws:elasticloadbalancing:eu-west-1:710271940761:targetgroup/alb-target-group/d0be767369d1e563"
          },
          "private": "bnVsbA==",
          "dependencies": [
            "module.networking.aws_eip.nat_gateway_eip",
            "module.networking.aws_internet_gateway.starttech_igw",
            "module.networking.aws_nat_gateway.starttech_nat_gw",
            "module.networking.aws_route_table.private_route_table",
            "module.networking.aws_route_table.public_route_table",
            "module.networking.aws_route_table_association.private_subnet_1a_rt_association",
            "module.networking.aws_route_table_association.public_subnet_rt_association",
            "module.networking.aws_subnet.private_subnet",
            "module.networking.aws_subnet.public_subnet",
            "module.networking.aws_subnet.public_subnet_1",
            "module.networking.aws_vpc.starttech_vpc",
            "module.networking.data.aws_availability_zones.availability_zone"
          ]
        }
      ]
    },
    {
      "module": "module.compute",
      "mode": "managed",
      "type": "aws_security_group",
      "name": "alb_sg",
      "provider": "provider[\"registry.terraform.io/hashicorp/aws\"]",
      "instances": [
        {
          "schema_version": 1,
          "attributes": {
            "arn": "arn:aws:ec2:eu-west-1:710271940761:security-group/sg-05d492151c41e00bb",
            "description": "Allow HTTPs from Internet",
            "egress": [
              {
                "cidr_blocks": [
                  "0.0.0.0/0"
                ],
                "description": "",
                "from_port": 0,
                "ipv6_cidr_blocks": [],
                "prefix_list_ids": [],
                "protocol": "-1",
                "security_groups": [],
                "self": false,
                "to_port": 0
              }
            ],
            "id": "sg-05d492151c41e00bb",
            "ingress": [
              {
                "cidr_blocks": [
                  "0.0.0.0/0"
                ],
                "description": "Allow HTTPs",
                "from_port": 80,
                "ipv6_cidr_blocks": [],
                "prefix_list_ids": [],
                "protocol": "tcp",
                "security_groups": [],
                "self": false,
                "to_port": 80
              }
            ],
            "name": "alb_sg",
            "name_prefix": "",
            "owner_id": "710271940761",
            "region": "eu-west-1",
            "revoke_rules_on_delete": false,
            "tags": {
              "Name": "ALB_SG"
            },
            "tags_all": {
              "Name": "ALB_SG"
            },
            "timeouts": null,
            "vpc_id": "vpc-069208791c9a4008e"
          },
          "sensitive_attributes": [],
          "identity_schema_version": 0,
          "identity": {
            "account_id": "710271940761",
            "id": "sg-05d492151c41e00bb",
            "region": "eu-west-1"
          },
          "private": "eyJlMmJmYjczMC1lY2FhLTExZTYtOGY4OC0zNDM2M2JjN2M0YzAiOnsiY3JlYXRlIjo2MDAwMDAwMDAwMDAsImRlbGV0ZSI6OTAwMDAwMDAwMDAwfSwic2NoZW1hX3ZlcnNpb24iOiIxIn0=",
          "dependencies": [
            "module.networking.aws_eip.nat_gateway_eip",
            "module.networking.aws_internet_gateway.starttech_igw",
            "module.networking.aws_nat_gateway.starttech_nat_gw",
            "module.networking.aws_route_table.private_route_table",
            "module.networking.aws_route_table.public_route_table",
            "module.networking.aws_route_table_association.private_subnet_1a_rt_association",
            "module.networking.aws_route_table_association.public_subnet_rt_association",
            "module.networking.aws_subnet.private_subnet",
            "module.networking.aws_subnet.public_subnet",
            "module.networking.aws_subnet.public_subnet_1",
            "module.networking.aws_vpc.starttech_vpc",
            "module.networking.data.aws_availability_zones.availability_zone"
          ]
        }
      ]
    },
    {
      "module": "module.compute",
      "mode": "managed",
      "type": "aws_security_group",
      "name": "redis_sg",
      "provider": "provider[\"registry.terraform.io/hashicorp/aws\"]",
      "instances": [
        {
          "schema_version": 1,
          "attributes": {
            "arn": "arn:aws:ec2:eu-west-1:710271940761:security-group/sg-05513314ed0f4d722",
            "description": "Managed by Terraform",
            "egress": [],
            "id": "sg-05513314ed0f4d722",
            "ingress": [
              {
                "cidr_blocks": [],
                "description": "",
                "from_port": 6379,
                "ipv6_cidr_blocks": [],
                "prefix_list_ids": [],
                "protocol": "tcp",
                "security_groups": [
                  "sg-0fe8c9f869a844693"
                ],
                "self": false,
                "to_port": 6379
              }
            ],
            "name": "redis-sg",
            "name_prefix": "",
            "owner_id": "710271940761",
            "region": "eu-west-1",
            "revoke_rules_on_delete": false,
            "tags": null,
            "tags_all": {},
            "timeouts": null,
            "vpc_id": "vpc-069208791c9a4008e"
          },
          "sensitive_attributes": [],
          "identity_schema_version": 0,
          "identity": {
            "account_id": "710271940761",
            "id": "sg-05513314ed0f4d722",
            "region": "eu-west-1"
          },
          "private": "eyJlMmJmYjczMC1lY2FhLTExZTYtOGY4OC0zNDM2M2JjN2M0YzAiOnsiY3JlYXRlIjo2MDAwMDAwMDAwMDAsImRlbGV0ZSI6OTAwMDAwMDAwMDAwfSwic2NoZW1hX3ZlcnNpb24iOiIxIn0=",
          "dependencies": [
            "module.compute.aws_security_group.alb_sg",
            "module.compute.aws_security_group.web_server_sg",
            "module.networking.aws_eip.nat_gateway_eip",
            "module.networking.aws_internet_gateway.starttech_igw",
            "module.networking.aws_nat_gateway.starttech_nat_gw",
            "module.networking.aws_route_table.private_route_table",
            "module.networking.aws_route_table.public_route_table",
            "module.networking.aws_route_table_association.private_subnet_1a_rt_association",
            "module.networking.aws_route_table_association.public_subnet_rt_association",
            "module.networking.aws_subnet.private_subnet",
            "module.networking.aws_subnet.public_subnet",
            "module.networking.aws_subnet.public_subnet_1",
            "module.networking.aws_vpc.starttech_vpc",
            "module.networking.data.aws_availability_zones.availability_zone"
          ]
        }
      ]
    },
    {
      "module": "module.compute",
      "mode": "managed",
      "type": "aws_security_group",
      "name": "web_server_sg",
      "provider": "provider[\"registry.terraform.io/hashicorp/aws\"]",
      "instances": [
        {
          "schema_version": 1,
          "attributes": {
            "arn": "arn:aws:ec2:eu-west-1:710271940761:security-group/sg-0fe8c9f869a844693",
            "description": "Allow HTTP from ALB only",
            "egress": [
              {
                "cidr_blocks": [
                  "0.0.0.0/0"
                ],
                "description": "",
                "from_port": 0,
                "ipv6_cidr_blocks": [],
                "prefix_list_ids": [],
                "protocol": "-1",
                "security_groups": [],
                "self": false,
                "to_port": 0
              }
            ],
            "id": "sg-0fe8c9f869a844693",
            "ingress": [
              {
                "cidr_blocks": [],
                "description": "Allow HTTP from ALB",
                "from_port": 8080,
                "ipv6_cidr_blocks": [],
                "prefix_list_ids": [],
                "protocol": "tcp",
                "security_groups": [
                  "sg-05d492151c41e00bb"
                ],
                "self": false,
                "to_port": 8080
              }
            ],
            "name": "web_server_sg",
            "name_prefix": "",
            "owner_id": "710271940761",
            "region": "eu-west-1",
            "revoke_rules_on_delete": false,
            "tags": {
              "Name": "WebServer_SG"
            },
            "tags_all": {
              "Name": "WebServer_SG"
            },
            "timeouts": null,
            "vpc_id": "vpc-069208791c9a4008e"
          },
          "sensitive_attributes": [],
          "identity_schema_version": 0,
          "identity": {
            "account_id": "710271940761",
            "id": "sg-0fe8c9f869a844693",
            "region": "eu-west-1"
          },
          "private": "eyJlMmJmYjczMC1lY2FhLTExZTYtOGY4OC0zNDM2M2JjN2M0YzAiOnsiY3JlYXRlIjo2MDAwMDAwMDAwMDAsImRlbGV0ZSI6OTAwMDAwMDAwMDAwfSwic2NoZW1hX3ZlcnNpb24iOiIxIn0=",
          "dependencies": [
            "module.compute.aws_security_group.alb_sg",
            "module.networking.aws_eip.nat_gateway_eip",
            "module.networking.aws_internet_gateway.starttech_igw",
            "module.networking.aws_nat_gateway.starttech_nat_gw",
            "module.networking.aws_route_table.private_route_table",
            "module.networking.aws_route_table.public_route_table",
            "module.networking.aws_route_table_association.private_subnet_1a_rt_association",
            "module.networking.aws_route_table_association.public_subnet_rt_association",
            "module.networking.aws_subnet.private_subnet",
            "module.networking.aws_subnet.public_subnet",
            "module.networking.aws_subnet.public_subnet_1",
            "module.networking.aws_vpc.starttech_vpc",
            "module.networking.data.aws_availability_zones.availability_zone"
          ]
        }
      ]
    },
    {
      "module": "module.monitoring",
      "mode": "managed",
      "type": "aws_cloudwatch_log_group",
      "name": "backend_logs",
      "provider": "provider[\"registry.terraform.io/hashicorp/aws\"]",
      "instances": [
        {
          "schema_version": 0,
          "attributes": {
            "arn": "arn:aws:logs:eu-west-1:710271940761:log-group:/app/backend",
            "deletion_protection_enabled": false,
            "id": "/app/backend",
            "kms_key_id": "",
            "log_group_class": "STANDARD",
            "name": "/app/backend",
            "name_prefix": "",
            "region": "eu-west-1",
            "retention_in_days": 7,
            "skip_destroy": false,
            "tags": null,
            "tags_all": {}
          },
          "sensitive_attributes": [],
          "identity_schema_version": 0,
          "identity": {
            "account_id": "710271940761",
            "name": "/app/backend",
            "region": "eu-west-1"
          },
          "private": "bnVsbA=="
        }
      ]
    },
    {
      "module": "module.monitoring",
      "mode": "managed",
      "type": "aws_iam_policy",
      "name": "cloudwatch_policy",
      "provider": "provider[\"registry.terraform.io/hashicorp/aws\"]",
      "instances": [
        {
          "schema_version": 0,
          "attributes": {
            "arn": "arn:aws:iam::710271940761:policy/CloudWatch-Policy",
            "attachment_count": 0,
            "delay_after_policy_creation_in_ms": null,
            "description": "",
            "id": "arn:aws:iam::710271940761:policy/CloudWatch-Policy",
            "name": "CloudWatch-Policy",
            "name_prefix": "",
            "path": "/",
            "policy": "{\"Statement\":[{\"Action\":[\"logs:CreateLogGroup\",\"logs:CreateLogStream\",\"logs:PutLogEvents\",\"logs:DescribeLogStreams\"],\"Effect\":\"Allow\",\"Resource\":\"*\"}],\"Version\":\"2012-10-17\"}",
            "policy_id": "ANPA2KX4BXCM26EG7EBZR",
            "tags": null,
            "tags_all": {}
          },
          "sensitive_attributes": [],
          "identity_schema_version": 0,
          "identity": {
            "arn": "arn:aws:iam::710271940761:policy/CloudWatch-Policy"
          },
          "private": "bnVsbA=="
        }
      ]
    },
    {
      "module": "module.monitoring",
      "mode": "managed",
      "type": "aws_iam_role_policy_attachment",
      "name": "attach_cw_policy",
      "provider": "provider[\"registry.terraform.io/hashicorp/aws\"]",
      "instances": [
        {
          "schema_version": 0,
          "attributes": {
            "id": "ec2-role/arn:aws:iam::710271940761:policy/CloudWatch-Policy",
            "policy_arn": "arn:aws:iam::710271940761:policy/CloudWatch-Policy",
            "role": "ec2-role"
          },
          "sensitive_attributes": [],
          "identity_schema_version": 0,
          "identity": {
            "account_id": "710271940761",
            "policy_arn": "arn:aws:iam::710271940761:policy/CloudWatch-Policy",
            "role": "ec2-role"
          },
          "private": "bnVsbA==",
          "dependencies": [
            "module.compute.aws_iam_role.ec2_role",
            "module.monitoring.aws_iam_policy.cloudwatch_policy",
            "module.networking.aws_eip.nat_gateway_eip",
            "module.networking.aws_internet_gateway.starttech_igw",
            "module.networking.aws_nat_gateway.starttech_nat_gw",
            "module.networking.aws_route_table.private_route_table",
            "module.networking.aws_route_table.public_route_table",
            "module.networking.aws_route_table_association.private_subnet_1a_rt_association",
            "module.networking.aws_route_table_association.public_subnet_rt_association",
            "module.networking.aws_subnet.private_subnet",
            "module.networking.aws_subnet.public_subnet",
            "module.networking.aws_subnet.public_subnet_1",
            "module.networking.aws_vpc.starttech_vpc",
            "module.networking.data.aws_availability_zones.availability_zone"
          ]
        }
      ]
    },
    {
      "module": "module.networking",
      "mode": "data",
      "type": "aws_availability_zones",
      "name": "availability_zone",
      "provider": "provider[\"registry.terraform.io/hashicorp/aws\"]",
      "instances": [
        {
          "schema_version": 0,
          "attributes": {
            "all_availability_zones": null,
            "exclude_names": null,
            "exclude_zone_ids": null,
            "filter": null,
            "group_names": [
              "eu-west-1-zg-1"
            ],
            "id": "eu-west-1",
            "names": [
              "eu-west-1a",
              "eu-west-1b",
              "eu-west-1c"
            ],
            "region": "eu-west-1",
            "state": "available",
            "timeouts": null,
            "zone_ids": [
              "euw1-az2",
              "euw1-az3",
              "euw1-az1"
            ]
          },
          "sensitive_attributes": [],
          "identity_schema_version": 0
        }
      ]
    },
    {
      "module": "module.networking",
      "mode": "managed",
      "type": "aws_eip",
      "name": "nat_gateway_eip",
      "provider": "provider[\"registry.terraform.io/hashicorp/aws\"]",
      "instances": [
        {
          "schema_version": 0,
          "attributes": {
            "address": null,
            "allocation_id": "eipalloc-03aa248871222b572",
            "arn": "arn:aws:ec2:eu-west-1:710271940761:elastic-ip/eipalloc-03aa248871222b572",
            "associate_with_private_ip": null,
            "association_id": "",
            "carrier_ip": "",
            "customer_owned_ip": "",
            "customer_owned_ipv4_pool": "",
            "domain": "vpc",
            "id": "eipalloc-03aa248871222b572",
            "instance": "",
            "ipam_pool_id": null,
            "network_border_group": "eu-west-1",
            "network_interface": "",
            "private_dns": null,
            "private_ip": "",
            "ptr_record": "",
            "public_dns": "ec2-52-17-46-183.eu-west-1.compute.amazonaws.com",
            "public_ip": "52.17.46.183",
            "public_ipv4_pool": "amazon",
            "region": "eu-west-1",
            "tags": {
              "Name": "starttech-eip-for-nat"
            },
            "tags_all": {
              "Name": "starttech-eip-for-nat"
            },
            "timeouts": null
          },
          "sensitive_attributes": [],
          "identity_schema_version": 0,
          "private": "eyJlMmJmYjczMC1lY2FhLTExZTYtOGY4OC0zNDM2M2JjN2M0YzAiOnsiZGVsZXRlIjoxODAwMDAwMDAwMDAsInJlYWQiOjkwMDAwMDAwMDAwMCwidXBkYXRlIjozMDAwMDAwMDAwMDB9fQ==",
          "dependencies": [
            "module.networking.aws_internet_gateway.starttech_igw",
            "module.networking.aws_vpc.starttech_vpc"
          ]
        }
      ]
    },
    {
      "module": "module.networking",
      "mode": "managed",
      "type": "aws_internet_gateway",
      "name": "starttech_igw",
      "provider": "provider[\"registry.terraform.io/hashicorp/aws\"]",
      "instances": [
        {
          "schema_version": 0,
          "attributes": {
            "arn": "arn:aws:ec2:eu-west-1:710271940761:internet-gateway/igw-079b49728cc5d5334",
            "id": "igw-079b49728cc5d5334",
            "owner_id": "710271940761",
            "region": "eu-west-1",
            "tags": {
              "Name": "starttech-internet-gateway"
            },
            "tags_all": {
              "Name": "starttech-internet-gateway"
            },
            "timeouts": null,
            "vpc_id": "vpc-069208791c9a4008e"
          },
          "sensitive_attributes": [],
          "identity_schema_version": 0,
          "private": "eyJlMmJmYjczMC1lY2FhLTExZTYtOGY4OC0zNDM2M2JjN2M0YzAiOnsiY3JlYXRlIjoxMjAwMDAwMDAwMDAwLCJkZWxldGUiOjEyMDAwMDAwMDAwMDAsInVwZGF0ZSI6MTIwMDAwMDAwMDAwMH19",
          "dependencies": [
            "module.networking.aws_vpc.starttech_vpc"
          ]
        }
      ]
    },
    {
      "module": "module.networking",
      "mode": "managed",
      "type": "aws_nat_gateway",
      "name": "starttech_nat_gw",
      "provider": "provider[\"registry.terraform.io/hashicorp/aws\"]",
      "instances": [
        {
          "schema_version": 0,
          "attributes": {
            "allocation_id": "eipalloc-03aa248871222b572",
            "association_id": "eipassoc-0118c4004251f60ab",
            "auto_provision_zones": null,
            "auto_scaling_ips": null,
            "availability_mode": "zonal",
            "availability_zone_address": [],
            "connectivity_type": "public",
            "id": "nat-0bb92477320950e8e",
            "network_interface_id": "eni-0952bf3bc264f241a",
            "private_ip": "10.0.1.80",
            "public_ip": "52.17.46.183",
            "region": "eu-west-1",
            "regional_nat_gateway_address": [],
            "regional_nat_gateway_auto_mode": null,
            "route_table_id": null,
            "secondary_allocation_ids": [],
            "secondary_private_ip_address_count": 0,
            "secondary_private_ip_addresses": [],
            "subnet_id": "subnet-0a7960a5d923144f7",
            "tags": {
              "Name": "starttech-nat-gateway"
            },
            "tags_all": {
              "Name": "starttech-nat-gateway"
            },
            "timeouts": null,
            "vpc_id": "vpc-069208791c9a4008e"
          },
          "sensitive_attributes": [],
          "identity_schema_version": 0,
          "private": "eyJlMmJmYjczMC1lY2FhLTExZTYtOGY4OC0zNDM2M2JjN2M0YzAiOnsiY3JlYXRlIjo2MDAwMDAwMDAwMDAsImRlbGV0ZSI6MTgwMDAwMDAwMDAwMCwidXBkYXRlIjo2MDAwMDAwMDAwMDB9fQ==",
          "dependencies": [
            "module.networking.aws_eip.nat_gateway_eip",
            "module.networking.aws_internet_gateway.starttech_igw",
            "module.networking.aws_subnet.public_subnet",
            "module.networking.aws_vpc.starttech_vpc",
            "module.networking.data.aws_availability_zones.availability_zone"
          ]
        }
      ]
    },
    {
      "module": "module.networking",
      "mode": "managed",
      "type": "aws_route_table",
      "name": "private_route_table",
      "provider": "provider[\"registry.terraform.io/hashicorp/aws\"]",
      "instances": [
        {
          "schema_version": 0,
          "attributes": {
            "arn": "arn:aws:ec2:eu-west-1:710271940761:route-table/rtb-0eb474b23008b5511",
            "id": "rtb-0eb474b23008b5511",
            "owner_id": "710271940761",
            "propagating_vgws": [],
            "region": "eu-west-1",
            "route": [
              {
                "carrier_gateway_id": "",
                "cidr_block": "0.0.0.0/0",
                "core_network_arn": "",
                "destination_prefix_list_id": "",
                "egress_only_gateway_id": "",
                "gateway_id": "",
                "ipv6_cidr_block": "",
                "local_gateway_id": "",
                "nat_gateway_id": "nat-0bb92477320950e8e",
                "network_interface_id": "",
                "transit_gateway_id": "",
                "vpc_endpoint_id": "",
                "vpc_peering_connection_id": ""
              }
            ],
            "tags": {
              "Name": "starttech-private-route-table"
            },
            "tags_all": {
              "Name": "starttech-private-route-table"
            },
            "timeouts": null,
            "vpc_id": "vpc-069208791c9a4008e"
          },
          "sensitive_attributes": [],
          "identity_schema_version": 0,
          "identity": {
            "account_id": "710271940761",
            "id": "rtb-0eb474b23008b5511",
            "region": "eu-west-1"
          },
          "private": "eyJlMmJmYjczMC1lY2FhLTExZTYtOGY4OC0zNDM2M2JjN2M0YzAiOnsiY3JlYXRlIjozMDAwMDAwMDAwMDAsImRlbGV0ZSI6MzAwMDAwMDAwMDAwLCJ1cGRhdGUiOjEyMDAwMDAwMDAwMH19",
          "dependencies": [
            "module.networking.aws_eip.nat_gateway_eip",
            "module.networking.aws_internet_gateway.starttech_igw",
            "module.networking.aws_nat_gateway.starttech_nat_gw",
            "module.networking.aws_subnet.public_subnet",
            "module.networking.aws_vpc.starttech_vpc",
            "module.networking.data.aws_availability_zones.availability_zone"
          ]
        }
      ]
    },
    {
      "module": "module.networking",
      "mode": "managed",
      "type": "aws_route_table",
      "name": "public_route_table",
      "provider": "provider[\"registry.terraform.io/hashicorp/aws\"]",
      "instances": [
        {
          "schema_version": 0,
          "attributes": {
            "arn": "arn:aws:ec2:eu-west-1:710271940761:route-table/rtb-0b76934f38cdb623e",
            "id": "rtb-0b76934f38cdb623e",
            "owner_id": "710271940761",
            "propagating_vgws": [],
            "region": "eu-west-1",
            "route": [
              {
                "carrier_gateway_id": "",
                "cidr_block": "0.0.0.0/0",
                "core_network_arn": "",
                "destination_prefix_list_id": "",
                "egress_only_gateway_id": "",
                "gateway_id": "igw-079b49728cc5d5334",
                "ipv6_cidr_block": "",
                "local_gateway_id": "",
                "nat_gateway_id": "",
                "network_interface_id": "",
                "transit_gateway_id": "",
                "vpc_endpoint_id": "",
                "vpc_peering_connection_id": ""
              }
            ],
            "tags": {
              "Name": "starttech-public-route-table"
            },
            "tags_all": {
              "Name": "starttech-public-route-table"
            },
            "timeouts": null,
            "vpc_id": "vpc-069208791c9a4008e"
          },
          "sensitive_attributes": [],
          "identity_schema_version": 0,
          "identity": {
            "account_id": "710271940761",
            "id": "rtb-0b76934f38cdb623e",
            "region": "eu-west-1"
          },
          "private": "eyJlMmJmYjczMC1lY2FhLTExZTYtOGY4OC0zNDM2M2JjN2M0YzAiOnsiY3JlYXRlIjozMDAwMDAwMDAwMDAsImRlbGV0ZSI6MzAwMDAwMDAwMDAwLCJ1cGRhdGUiOjEyMDAwMDAwMDAwMH19",
          "dependencies": [
            "module.networking.aws_internet_gateway.starttech_igw",
            "module.networking.aws_vpc.starttech_vpc"
          ]
        }
      ]
    },
    {
      "module": "module.networking",
      "mode": "managed",
      "type": "aws_route_table_association",
      "name": "private_subnet_1a_rt_association",
      "provider": "provider[\"registry.terraform.io/hashicorp/aws\"]",
      "instances": [
        {
          "schema_version": 0,
          "attributes": {
            "gateway_id": "",
            "id": "rtbassoc-04cac02e7397b592b",
            "region": "eu-west-1",
            "route_table_id": "rtb-0eb474b23008b5511",
            "subnet_id": "subnet-02a5ec998e47a1eec",
            "timeouts": null
          },
          "sensitive_attributes": [],
          "identity_schema_version": 0,
          "private": "eyJlMmJmYjczMC1lY2FhLTExZTYtOGY4OC0zNDM2M2JjN2M0YzAiOnsiY3JlYXRlIjozMDAwMDAwMDAwMDAsImRlbGV0ZSI6MzAwMDAwMDAwMDAwLCJ1cGRhdGUiOjEyMDAwMDAwMDAwMH19",
          "dependencies": [
            "module.networking.aws_eip.nat_gateway_eip",
            "module.networking.aws_internet_gateway.starttech_igw",
            "module.networking.aws_nat_gateway.starttech_nat_gw",
            "module.networking.aws_route_table.private_route_table",
            "module.networking.aws_subnet.private_subnet",
            "module.networking.aws_subnet.public_subnet",
            "module.networking.aws_vpc.starttech_vpc",
            "module.networking.data.aws_availability_zones.availability_zone"
          ]
        }
      ]
    },
    {
      "module": "module.networking",
      "mode": "managed",
      "type": "aws_route_table_association",
      "name": "public_subnet_rt_association",
      "provider": "provider[\"registry.terraform.io/hashicorp/aws\"]",
      "instances": [
        {
          "schema_version": 0,
          "attributes": {
            "gateway_id": "",
            "id": "rtbassoc-015b849df42315396",
            "region": "eu-west-1",
            "route_table_id": "rtb-0b76934f38cdb623e",
            "subnet_id": "subnet-0a7960a5d923144f7",
            "timeouts": null
          },
          "sensitive_attributes": [],
          "identity_schema_version": 0,
          "private": "eyJlMmJmYjczMC1lY2FhLTExZTYtOGY4OC0zNDM2M2JjN2M0YzAiOnsiY3JlYXRlIjozMDAwMDAwMDAwMDAsImRlbGV0ZSI6MzAwMDAwMDAwMDAwLCJ1cGRhdGUiOjEyMDAwMDAwMDAwMH19",
          "dependencies": [
            "module.networking.aws_internet_gateway.starttech_igw",
            "module.networking.aws_route_table.public_route_table",
            "module.networking.aws_subnet.public_subnet",
            "module.networking.aws_vpc.starttech_vpc",
            "module.networking.data.aws_availability_zones.availability_zone"
          ]
        }
      ]
    },
    {
      "module": "module.networking",
      "mode": "managed",
      "type": "aws_subnet",
      "name": "private_subnet",
      "provider": "provider[\"registry.terraform.io/hashicorp/aws\"]",
      "instances": [
        {
          "schema_version": 1,
          "attributes": {
            "arn": "arn:aws:ec2:eu-west-1:710271940761:subnet/subnet-02a5ec998e47a1eec",
            "assign_ipv6_address_on_creation": false,
            "availability_zone": "eu-west-1a",
            "availability_zone_id": "euw1-az2",
            "cidr_block": "10.0.4.0/24",
            "customer_owned_ipv4_pool": "",
            "enable_dns64": false,
            "enable_lni_at_device_index": 0,
            "enable_resource_name_dns_a_record_on_launch": false,
            "enable_resource_name_dns_aaaa_record_on_launch": false,
            "id": "subnet-02a5ec998e47a1eec",
            "ipv6_cidr_block": "",
            "ipv6_cidr_block_association_id": "",
            "ipv6_native": false,
            "map_customer_owned_ip_on_launch": false,
            "map_public_ip_on_launch": false,
            "outpost_arn": "",
            "owner_id": "710271940761",
            "private_dns_hostname_type_on_launch": "ip-name",
            "region": "eu-west-1",
            "tags": {
              "Name": "starttech-private-subnet"
            },
            "tags_all": {
              "Name": "starttech-private-subnet"
            },
            "timeouts": null,
            "vpc_id": "vpc-069208791c9a4008e"
          },
          "sensitive_attributes": [],
          "identity_schema_version": 0,
          "identity": {
            "account_id": "710271940761",
            "id": "subnet-02a5ec998e47a1eec",
            "region": "eu-west-1"
          },
          "private": "eyJlMmJmYjczMC1lY2FhLTExZTYtOGY4OC0zNDM2M2JjN2M0YzAiOnsiY3JlYXRlIjo2MDAwMDAwMDAwMDAsImRlbGV0ZSI6MTIwMDAwMDAwMDAwMH0sInNjaGVtYV92ZXJzaW9uIjoiMSJ9",
          "dependencies": [
            "module.networking.aws_vpc.starttech_vpc",
            "module.networking.data.aws_availability_zones.availability_zone"
          ]
        }
      ]
    },
    {
      "module": "module.networking",
      "mode": "managed",
      "type": "aws_subnet",
      "name": "public_subnet",
      "provider": "provider[\"registry.terraform.io/hashicorp/aws\"]",
      "instances": [
        {
          "schema_version": 1,
          "attributes": {
            "arn": "arn:aws:ec2:eu-west-1:710271940761:subnet/subnet-0a7960a5d923144f7",
            "assign_ipv6_address_on_creation": false,
            "availability_zone": "eu-west-1a",
            "availability_zone_id": "euw1-az2",
            "cidr_block": "10.0.1.0/24",
            "customer_owned_ipv4_pool": "",
            "enable_dns64": false,
            "enable_lni_at_device_index": 0,
            "enable_resource_name_dns_a_record_on_launch": false,
            "enable_resource_name_dns_aaaa_record_on_launch": false,
            "id": "subnet-0a7960a5d923144f7",
            "ipv6_cidr_block": "",
            "ipv6_cidr_block_association_id": "",
            "ipv6_native": false,
            "map_customer_owned_ip_on_launch": false,
            "map_public_ip_on_launch": false,
            "outpost_arn": "",
            "owner_id": "710271940761",
            "private_dns_hostname_type_on_launch": "ip-name",
            "region": "eu-west-1",
            "tags": {
              "Name": "starttech-public-subnet"
            },
            "tags_all": {
              "Name": "starttech-public-subnet"
            },
            "timeouts": null,
            "vpc_id": "vpc-069208791c9a4008e"
          },
          "sensitive_attributes": [],
          "identity_schema_version": 0,
          "identity": {
            "account_id": "710271940761",
            "id": "subnet-0a7960a5d923144f7",
            "region": "eu-west-1"
          },
          "private": "eyJlMmJmYjczMC1lY2FhLTExZTYtOGY4OC0zNDM2M2JjN2M0YzAiOnsiY3JlYXRlIjo2MDAwMDAwMDAwMDAsImRlbGV0ZSI6MTIwMDAwMDAwMDAwMH0sInNjaGVtYV92ZXJzaW9uIjoiMSJ9",
          "dependencies": [
            "module.networking.aws_vpc.starttech_vpc",
            "module.networking.data.aws_availability_zones.availability_zone"
          ]
        }
      ]
    },
    {
      "module": "module.networking",
      "mode": "managed",
      "type": "aws_subnet",
      "name": "public_subnet_1",
      "provider": "provider[\"registry.terraform.io/hashicorp/aws\"]",
      "instances": [
        {
          "schema_version": 1,
          "attributes": {
            "arn": "arn:aws:ec2:eu-west-1:710271940761:subnet/subnet-0ab042643a033bfd6",
            "assign_ipv6_address_on_creation": false,
            "availability_zone": "eu-west-1b",
            "availability_zone_id": "euw1-az3",
            "cidr_block": "10.0.2.0/24",
            "customer_owned_ipv4_pool": "",
            "enable_dns64": false,
            "enable_lni_at_device_index": 0,
            "enable_resource_name_dns_a_record_on_launch": false,
            "enable_resource_name_dns_aaaa_record_on_launch": false,
            "id": "subnet-0ab042643a033bfd6",
            "ipv6_cidr_block": "",
            "ipv6_cidr_block_association_id": "",
            "ipv6_native": false,
            "map_customer_owned_ip_on_launch": false,
            "map_public_ip_on_launch": false,
            "outpost_arn": "",
            "owner_id": "710271940761",
            "private_dns_hostname_type_on_launch": "ip-name",
            "region": "eu-west-1",
            "tags": {
              "Name": "starttech-public-subnet"
            },
            "tags_all": {
              "Name": "starttech-public-subnet"
            },
            "timeouts": null,
            "vpc_id": "vpc-069208791c9a4008e"
          },
          "sensitive_attributes": [],
          "identity_schema_version": 0,
          "identity": {
            "account_id": "710271940761",
            "id": "subnet-0ab042643a033bfd6",
            "region": "eu-west-1"
          },
          "private": "eyJlMmJmYjczMC1lY2FhLTExZTYtOGY4OC0zNDM2M2JjN2M0YzAiOnsiY3JlYXRlIjo2MDAwMDAwMDAwMDAsImRlbGV0ZSI6MTIwMDAwMDAwMDAwMH0sInNjaGVtYV92ZXJzaW9uIjoiMSJ9",
          "dependencies": [
            "module.networking.aws_vpc.starttech_vpc",
            "module.networking.data.aws_availability_zones.availability_zone"
          ]
        }
      ]
    },
    {
      "module": "module.networking",
      "mode": "managed",
      "type": "aws_vpc",
      "name": "starttech_vpc",
      "provider": "provider[\"registry.terraform.io/hashicorp/aws\"]",
      "instances": [
        {
          "schema_version": 1,
          "attributes": {
            "arn": "arn:aws:ec2:eu-west-1:710271940761:vpc/vpc-069208791c9a4008e",
            "assign_generated_ipv6_cidr_block": false,
            "cidr_block": "10.0.0.0/16",
            "default_network_acl_id": "acl-0207b6b3d84869c02",
            "default_route_table_id": "rtb-02c200cc789c0aa12",
            "default_security_group_id": "sg-016c5b528c78fae23",
            "dhcp_options_id": "dopt-0e78250021c32a87a",
            "enable_dns_hostnames": true,
            "enable_dns_support": true,
            "enable_network_address_usage_metrics": false,
            "id": "vpc-069208791c9a4008e",
            "instance_tenancy": "default",
            "ipv4_ipam_pool_id": null,
            "ipv4_netmask_length": null,
            "ipv6_association_id": "",
            "ipv6_cidr_block": "",
            "ipv6_cidr_block_network_border_group": "",
            "ipv6_ipam_pool_id": "",
            "ipv6_netmask_length": 0,
            "main_route_table_id": "rtb-02c200cc789c0aa12",
            "owner_id": "710271940761",
            "region": "eu-west-1",
            "tags": {
              "Name": "starttech-vpc"
            },
            "tags_all": {
              "Name": "starttech-vpc"
            }
          },
          "sensitive_attributes": [],
          "identity_schema_version": 0,
          "identity": {
            "account_id": "710271940761",
            "id": "vpc-069208791c9a4008e",
            "region": "eu-west-1"
          },
          "private": "eyJzY2hlbWFfdmVyc2lvbiI6IjEifQ=="
        }
      ]
    },
    {
      "module": "module.storage",
      "mode": "managed",
      "type": "aws_cloudfront_distribution",
      "name": "frontend",
      "provider": "provider[\"registry.terraform.io/hashicorp/aws\"]",
      "instances": [
        {
          "schema_version": 1,
          "attributes": {
            "aliases": null,
            "anycast_ip_list_id": "",
            "arn": "arn:aws:cloudfront::710271940761:distribution/E35ENPMRIDJB8R",
            "caller_reference": "terraform-20260128002518561700000001",
            "comment": null,
            "connection_function_association": [],
            "continuous_deployment_policy_id": "",
            "custom_error_response": [],
            "default_cache_behavior": [
              {
                "allowed_methods": [
                  "GET",
                  "HEAD"
                ],
                "cache_policy_id": "",
                "cached_methods": [
                  "GET",
                  "HEAD"
                ],
                "compress": false,
                "default_ttl": 0,
                "field_level_encryption_id": "",
                "forwarded_values": [
                  {
                    "cookies": [
                      {
                        "forward": "none",
                        "whitelisted_names": []
                      }
                    ],
                    "headers": [],
                    "query_string": false,
                    "query_string_cache_keys": []
                  }
                ],
                "function_association": [],
                "grpc_config": [
                  {
                    "enabled": false
                  }
                ],
                "lambda_function_association": [],
                "max_ttl": 0,
                "min_ttl": 0,
                "origin_request_policy_id": "",
                "realtime_log_config_arn": "",
                "response_headers_policy_id": "",
                "smooth_streaming": false,
                "target_origin_id": "starttech_frontend",
                "trusted_key_groups": [],
                "trusted_signers": [],
                "viewer_protocol_policy": "redirect-to-https"
              }
            ],
            "default_root_object": "index.html",
            "domain_name": "d2nmjmdycwri3d.cloudfront.net",
            "enabled": true,
            "etag": "E23ZP02F085DFQ",
            "hosted_zone_id": "Z2FDTNDATAQYW2",
            "http_version": "http2",
            "id": "E35ENPMRIDJB8R",
            "in_progress_validation_batches": 0,
            "is_ipv6_enabled": true,
            "last_modified_time": "2026-01-28 00:25:18.962 +0000 UTC",
            "logging_config": [],
            "logging_v1_enabled": false,
            "ordered_cache_behavior": [],
            "origin": [
              {
                "connection_attempts": 3,
                "connection_timeout": 10,
                "custom_header": [],
                "custom_origin_config": [],
                "domain_name": "starttech-frontend-dev-e05881c5.s3.eu-west-1.amazonaws.com",
                "origin_access_control_id": "E1AMEI71X66X6N",
                "origin_id": "starttech_frontend",
                "origin_path": "",
                "origin_shield": [],
                "response_completion_timeout": 0,
                "s3_origin_config": [],
                "vpc_origin_config": []
              }
            ],
            "origin_group": [],
            "price_class": "PriceClass_All",
            "restrictions": [
              {
                "geo_restriction": [
                  {
                    "locations": [],
                    "restriction_type": "none"
                  }
                ]
              }
            ],
            "retain_on_delete": false,
            "staging": false,
            "status": "Deployed",
            "tags": {
              "Environment": "dev"
            },
            "tags_all": {
              "Environment": "dev"
            },
            "trusted_key_groups": [
              {
                "enabled": false,
                "items": []
              }
            ],
            "trusted_signers": [
              {
                "enabled": false,
                "items": []
              }
            ],
            "viewer_certificate": [
              {
                "acm_certificate_arn": "",
                "cloudfront_default_certificate": true,
                "iam_certificate_id": "",
                "minimum_protocol_version": "TLSv1",
                "ssl_support_method": ""
              }
            ],
            "viewer_mtls_config": [],
            "wait_for_deployment": true,
            "web_acl_id": ""
          },
          "sensitive_attributes": [],
          "identity_schema_version": 0,
          "private": "eyJzY2hlbWFfdmVyc2lvbiI6IjEifQ==",
          "dependencies": [
            "module.storage.aws_cloudfront_origin_access_control.oac",
            "module.storage.aws_s3_bucket.starttech_frontend",
            "module.storage.random_id.bucket"
          ]
        }
      ]
    },
    {
      "module": "module.storage",
      "mode": "managed",
      "type": "aws_cloudfront_origin_access_control",
      "name": "oac",
      "provider": "provider[\"registry.terraform.io/hashicorp/aws\"]",
      "instances": [
        {
          "schema_version": 0,
          "attributes": {
            "arn": "arn:aws:cloudfront::710271940761:origin-access-control/E1AMEI71X66X6N",
            "description": "Managed by Terraform",
            "etag": "ETVPDKIKX0DER",
            "id": "E1AMEI71X66X6N",
            "name": "frontend-oac",
            "origin_access_control_origin_type": "s3",
            "signing_behavior": "always",
            "signing_protocol": "sigv4"
          },
          "sensitive_attributes": [],
          "identity_schema_version": 0,
          "private": "bnVsbA=="
        }
      ]
    },
    {
      "module": "module.storage",
      "mode": "managed",
      "type": "aws_elasticache_cluster",
      "name": "redis",
      "provider": "provider[\"registry.terraform.io/hashicorp/aws\"]",
      "instances": [
        {
          "schema_version": 0,
          "attributes": {
            "apply_immediately": null,
            "arn": "arn:aws:elasticache:eu-west-1:710271940761:cluster:redis-cluster",
            "auto_minor_version_upgrade": "true",
            "availability_zone": "eu-west-1a",
            "az_mode": "single-az",
            "cache_nodes": [
              {
                "address": "redis-cluster.9tuiin.0001.euw1.cache.amazonaws.com",
                "availability_zone": "eu-west-1a",
                "id": "0001",
                "outpost_arn": "",
                "port": 6379
              }
            ],
            "cluster_address": null,
            "cluster_id": "redis-cluster",
            "configuration_endpoint": null,
            "engine": "redis",
            "engine_version": "7.0",
            "engine_version_actual": "7.0.7",
            "final_snapshot_identifier": null,
            "id": "redis-cluster",
            "ip_discovery": "ipv4",
            "log_delivery_configuration": [],
            "maintenance_window": "wed:03:30-wed:04:30",
            "network_type": "ipv4",
            "node_type": "cache.t3.micro",
            "notification_topic_arn": null,
            "num_cache_nodes": 1,
            "outpost_mode": null,
            "parameter_group_name": "default.redis7",
            "port": 6379,
            "preferred_availability_zones": null,
            "preferred_outpost_arn": "",
            "region": "eu-west-1",
            "replication_group_id": "",
            "security_group_ids": [
              "sg-05513314ed0f4d722"
            ],
            "snapshot_arns": null,
            "snapshot_name": null,
            "snapshot_retention_limit": 0,
            "snapshot_window": "01:00-02:00",
            "subnet_group_name": "redis-subnet-group",
            "tags": null,
            "tags_all": {},
            "timeouts": null,
            "transit_encryption_enabled": false
          },
          "sensitive_attributes": [],
          "identity_schema_version": 0,
          "private": "eyJlMmJmYjczMC1lY2FhLTExZTYtOGY4OC0zNDM2M2JjN2M0YzAiOnsiY3JlYXRlIjoyNDAwMDAwMDAwMDAwLCJkZWxldGUiOjI0MDAwMDAwMDAwMDAsInVwZGF0ZSI6NDgwMDAwMDAwMDAwMH19",
          "dependencies": [
            "module.compute.aws_security_group.alb_sg",
            "module.compute.aws_security_group.redis_sg",
            "module.compute.aws_security_group.web_server_sg",
            "module.networking.aws_eip.nat_gateway_eip",
            "module.networking.aws_internet_gateway.starttech_igw",
            "module.networking.aws_nat_gateway.starttech_nat_gw",
            "module.networking.aws_route_table.private_route_table",
            "module.networking.aws_route_table.public_route_table",
            "module.networking.aws_route_table_association.private_subnet_1a_rt_association",
            "module.networking.aws_route_table_association.public_subnet_rt_association",
            "module.networking.aws_subnet.private_subnet",
            "module.networking.aws_subnet.public_subnet",
            "module.networking.aws_subnet.public_subnet_1",
            "module.networking.aws_vpc.starttech_vpc",
            "module.networking.data.aws_availability_zones.availability_zone",
            "module.storage.aws_elasticache_subnet_group.redis"
          ]
        }
      ]
    },
    {
      "module": "module.storage",
      "mode": "managed",
      "type": "aws_elasticache_subnet_group",
      "name": "redis",
      "provider": "provider[\"registry.terraform.io/hashicorp/aws\"]",
      "instances": [
        {
          "schema_version": 0,
          "attributes": {
            "arn": "arn:aws:elasticache:eu-west-1:710271940761:subnetgroup:redis-subnet-group",
            "description": "Managed by Terraform",
            "id": "redis-subnet-group",
            "name": "redis-subnet-group",
            "region": "eu-west-1",
            "subnet_ids": [
              "subnet-02a5ec998e47a1eec"
            ],
            "tags": null,
            "tags_all": {},
            "vpc_id": "vpc-069208791c9a4008e"
          },
          "sensitive_attributes": [],
          "identity_schema_version": 0,
          "private": "bnVsbA==",
          "dependencies": [
            "module.networking.aws_subnet.private_subnet",
            "module.networking.aws_vpc.starttech_vpc",
            "module.networking.data.aws_availability_zones.availability_zone"
          ]
        }
      ]
    },
    {
      "module": "module.storage",
      "mode": "managed",
      "type": "aws_s3_bucket",
      "name": "starttech_frontend",
      "provider": "provider[\"registry.terraform.io/hashicorp/aws\"]",
      "instances": [
        {
          "schema_version": 0,
          "attributes": {
            "acceleration_status": "",
            "acl": null,
            "arn": "arn:aws:s3:::starttech-frontend-dev-e05881c5",
            "bucket": "starttech-frontend-dev-e05881c5",
            "bucket_domain_name": "starttech-frontend-dev-e05881c5.s3.amazonaws.com",
            "bucket_prefix": "",
            "bucket_region": "eu-west-1",
            "bucket_regional_domain_name": "starttech-frontend-dev-e05881c5.s3.eu-west-1.amazonaws.com",
            "cors_rule": [],
            "force_destroy": false,
            "grant": [
              {
                "id": "74b30f905aba3f140714682ed327a6994495dbdeac6621da11c86568791275ae",
                "permissions": [
                  "FULL_CONTROL"
                ],
                "type": "CanonicalUser",
                "uri": ""
              }
            ],
            "hosted_zone_id": "Z1BKCTXD74EZPE",
            "id": "starttech-frontend-dev-e05881c5",
            "lifecycle_rule": [],
            "logging": [],
            "object_lock_configuration": [],
            "object_lock_enabled": false,
            "policy": "",
            "region": "eu-west-1",
            "replication_configuration": [],
            "request_payer": "BucketOwner",
            "server_side_encryption_configuration": [
              {
                "rule": [
                  {
                    "apply_server_side_encryption_by_default": [
                      {
                        "kms_master_key_id": "",
                        "sse_algorithm": "AES256"
                      }
                    ],
                    "bucket_key_enabled": false
                  }
                ]
              }
            ],
            "tags": null,
            "tags_all": {},
            "timeouts": null,
            "versioning": [
              {
                "enabled": false,
                "mfa_delete": false
              }
            ],
            "website": [],
            "website_domain": null,
            "website_endpoint": null
          },
          "sensitive_attributes": [],
          "identity_schema_version": 0,
          "identity": {
            "account_id": "710271940761",
            "bucket": "starttech-frontend-dev-e05881c5",
            "region": "eu-west-1"
          },
          "private": "eyJlMmJmYjczMC1lY2FhLTExZTYtOGY4OC0zNDM2M2JjN2M0YzAiOnsiY3JlYXRlIjoxMjAwMDAwMDAwMDAwLCJkZWxldGUiOjM2MDAwMDAwMDAwMDAsInJlYWQiOjEyMDAwMDAwMDAwMDAsInVwZGF0ZSI6MTIwMDAwMDAwMDAwMH19",
          "dependencies": [
            "module.storage.random_id.bucket"
          ]
        }
      ]
    },
    {
      "module": "module.storage",
      "mode": "managed",
      "type": "aws_s3_bucket_ownership_controls",
      "name": "frontend",
      "provider": "provider[\"registry.terraform.io/hashicorp/aws\"]",
      "instances": [
        {
          "schema_version": 0,
          "attributes": {
            "bucket": "starttech-frontend-dev-e05881c5",
            "id": "starttech-frontend-dev-e05881c5",
            "region": "eu-west-1",
            "rule": [
              {
                "object_ownership": "BucketOwnerEnforced"
              }
            ]
          },
          "sensitive_attributes": [],
          "identity_schema_version": 0,
          "identity": {
            "account_id": "710271940761",
            "bucket": "starttech-frontend-dev-e05881c5",
            "region": "eu-west-1"
          },
          "private": "bnVsbA==",
          "dependencies": [
            "module.storage.aws_s3_bucket.starttech_frontend",
            "module.storage.random_id.bucket"
          ]
        }
      ]
    },
    {
      "module": "module.storage",
      "mode": "managed",
      "type": "aws_s3_bucket_public_access_block",
      "name": "frontend",
      "provider": "provider[\"registry.terraform.io/hashicorp/aws\"]",
      "instances": [
        {
          "schema_version": 0,
          "attributes": {
            "block_public_acls": false,
            "block_public_policy": false,
            "bucket": "starttech-frontend-dev-e05881c5",
            "id": "starttech-frontend-dev-e05881c5",
            "ignore_public_acls": false,
            "region": "eu-west-1",
            "restrict_public_buckets": false,
            "skip_destroy": null
          },
          "sensitive_attributes": [],
          "identity_schema_version": 0,
          "identity": {
            "account_id": "710271940761",
            "bucket": "starttech-frontend-dev-e05881c5",
            "region": "eu-west-1"
          },
          "private": "bnVsbA==",
          "dependencies": [
            "module.storage.aws_s3_bucket.starttech_frontend",
            "module.storage.random_id.bucket"
          ]
        }
      ]
    },
    {
      "module": "module.storage",
      "mode": "managed",
      "type": "aws_s3_bucket_website_configuration",
      "name": "frontend_config",
      "provider": "provider[\"registry.terraform.io/hashicorp/aws\"]",
      "instances": [
        {
          "schema_version": 0,
          "attributes": {
            "bucket": "starttech-frontend-dev-e05881c5",
            "error_document": [],
            "expected_bucket_owner": "",
            "id": "starttech-frontend-dev-e05881c5",
            "index_document": [
              {
                "suffix": "index.html"
              }
            ],
            "redirect_all_requests_to": [],
            "region": "eu-west-1",
            "routing_rule": [],
            "routing_rules": "",
            "website_domain": "s3-website-eu-west-1.amazonaws.com",
            "website_endpoint": "starttech-frontend-dev-e05881c5.s3-website-eu-west-1.amazonaws.com"
          },
          "sensitive_attributes": [],
          "identity_schema_version": 0,
          "identity": {
            "account_id": "710271940761",
            "bucket": "starttech-frontend-dev-e05881c5",
            "expected_bucket_owner": null,
            "region": "eu-west-1"
          },
          "private": "bnVsbA==",
          "dependencies": [
            "module.storage.aws_s3_bucket.starttech_frontend",
            "module.storage.random_id.bucket"
          ]
        }
      ]
    },
    {
      "module": "module.storage",
      "mode": "managed",
      "type": "random_id",
      "name": "bucket",
      "provider": "provider[\"registry.terraform.io/hashicorp/random\"]",
      "instances": [
        {
          "schema_version": 0,
          "attributes": {
            "b64_std": "4FiBxQ==",
            "b64_url": "4FiBxQ",
            "byte_length": 4,
            "dec": "3763896773",
            "hex": "e05881c5",
            "id": "4FiBxQ",
            "keepers": null,
            "prefix": null
          },
          "sensitive_attributes": [],
          "identity_schema_version": 0
        }
      ]
    }
  ],
  "check_results": null
}
